
Microsoft Visual Studio Solution File, Format Version 12.00
# Visual Studio Version 16
VisualStudioVersion = 16.0.29201.188
MinimumVisualStudioVersion = 10.0.40219.1
Project("{9A19103F-16F7-4668-BE54-9A1E7A4F7556}") = "LRReader.Shared", "LRReader.Shared\LRReader.Shared.csproj", "{CB0AF1C0-A296-4E1D-85B9-A564868B7C0E}"
EndProject
Project("{FAE04EC0-301F-11D3-BF4B-00C04F79EFBC}") = "LRReader.UWP", "LRReader.UWP\LRReader.UWP.csproj", "{29C83437-DE8D-4B9B-BE53-8262F9B59D50}"
EndProject
Project("{2150E333-8FDC-42A3-9474-1A3956D46DE8}") = "Solution Items", "Solution Items", "{2A546426-4778-438C-89FD-40A9F0557F92}"
	ProjectSection(SolutionItems) = preProject
		.editorconfig = .editorconfig
	EndProjectSection
EndProject
Project("{FAE04EC0-301F-11D3-BF4B-00C04F79EFBC}") = "LRReader.UWP.Installer", "LRReader.UWP.Installer\LRReader.UWP.Installer.csproj", "{DEDB38AC-6E51-40B8-A419-E8136C525837}"
EndProject
Global
	GlobalSection(SolutionConfigurationPlatforms) = preSolution
		Debug|Any CPU = Debug|Any CPU
		Debug|ARM = Debug|ARM
		Debug|ARM64 = Debug|ARM64
		Debug|x64 = Debug|x64
		Debug|x86 = Debug|x86
		Release|Any CPU = Release|Any CPU
		Release|ARM = Release|ARM
		Release|ARM64 = Release|ARM64
		Release|x64 = Release|x64
		Release|x86 = Release|x86
	EndGlobalSection
	GlobalSection(ProjectConfigurationPlatforms) = postSolution
		{CB0AF1C0-A296-4E1D-85B9-A564868B7C0E}.Debug|Any CPU.ActiveCfg = Debug|Any CPU
		{CB0AF1C0-A296-4E1D-85B9-A564868B7C0E}.Debug|Any CPU.Build.0 = Debug|Any CPU
		{CB0AF1C0-A296-4E1D-85B9-A564868B7C0E}.Debug|ARM.ActiveCfg = Debug|Any CPU
		{CB0AF1C0-A296-4E1D-85B9-A564868B7C0E}.Debug|ARM.Build.0 = Debug|Any CPU
		{CB0AF1C0-A296-4E1D-85B9-A564868B7C0E}.Debug|ARM64.ActiveCfg = Debug|Any CPU
		{CB0AF1C0-A296-4E1D-85B9-A564868B7C0E}.Debug|ARM64.Build.0 = Debug|Any CPU
		{CB0AF1C0-A296-4E1D-85B9-A564868B7C0E}.Debug|x64.ActiveCfg = Debug|Any CPU
		{CB0AF1C0-A296-4E1D-85B9-A564868B7C0E}.Debug|x64.Build.0 = Debug|Any CPU
		{CB0AF1C0-A296-4E1D-85B9-A564868B7C0E}.Debug|x86.ActiveCfg = Debug|Any CPU
		{CB0AF1C0-A296-4E1D-85B9-A564868B7C0E}.Debug|x86.Build.0 = Debug|Any CPU
		{CB0AF1C0-A296-4E1D-85B9-A564868B7C0E}.Release|Any CPU.ActiveCfg = Release|Any CPU
		{CB0AF1C0-A296-4E1D-85B9-A564868B7C0E}.Release|Any CPU.Build.0 = Release|Any CPU
		{CB0AF1C0-A296-4E1D-85B9-A564868B7C0E}.Release|ARM.ActiveCfg = Release|Any CPU
		{CB0AF1C0-A296-4E1D-85B9-A564868B7C0E}.Release|ARM.Build.0 = Release|Any CPU
		{CB0AF1C0-A296-4E1D-85B9-A564868B7C0E}.Release|ARM64.ActiveCfg = Release|Any CPU
		{CB0AF1C0-A296-4E1D-85B9-A564868B7C0E}.Release|ARM64.Build.0 = Release|Any CPU
		{CB0AF1C0-A296-4E1D-85B9-A564868B7C0E}.Release|x64.ActiveCfg = Release|Any CPU
		{CB0AF1C0-A296-4E1D-85B9-A564868B7C0E}.Release|x64.Build.0 = Release|Any CPU
		{CB0AF1C0-A296-4E1D-85B9-A564868B7C0E}.Release|x86.ActiveCfg = Release|Any CPU
		{CB0AF1C0-A296-4E1D-85B9-A564868B7C0E}.Release|x86.Build.0 = Release|Any CPU
		{29C83437-DE8D-4B9B-BE53-8262F9B59D50}.Debug|Any CPU.ActiveCfg = Debug|x86
		{29C83437-DE8D-4B9B-BE53-8262F9B59D50}.Debug|ARM.ActiveCfg = Debug|ARM
		{29C83437-DE8D-4B9B-BE53-8262F9B59D50}.Debug|ARM.Build.0 = Debug|ARM
		{29C83437-DE8D-4B9B-BE53-8262F9B59D50}.Debug|ARM.Deploy.0 = Debug|ARM
		{29C83437-DE8D-4B9B-BE53-8262F9B59D50}.Debug|ARM64.ActiveCfg = Debug|ARM64
		{29C83437-DE8D-4B9B-BE53-8262F9B59D50}.Debug|ARM64.Build.0 = Debug|ARM64
		{29C83437-DE8D-4B9B-BE53-8262F9B59D50}.Debug|ARM64.Deploy.0 = Debug|ARM64
		{29C83437-DE8D-4B9B-BE53-8262F9B59D50}.Debug|x64.ActiveCfg = Debug|x64
		{29C83437-DE8D-4B9B-BE53-8262F9B59D50}.Debug|x64.Build.0 = Debug|x64
		{29C83437-DE8D-4B9B-BE53-8262F9B59D50}.Debug|x64.Deploy.0 = Debug|x64
		{29C83437-DE8D-4B9B-BE53-8262F9B59D50}.Debug|x86.ActiveCfg = Debug|x86
		{29C83437-DE8D-4B9B-BE53-8262F9B59D50}.Debug|x86.Build.0 = Debug|x86
		{29C83437-DE8D-4B9B-BE53-8262F9B59D50}.Debug|x86.Deploy.0 = Debug|x86
		{29C83437-DE8D-4B9B-BE53-8262F9B59D50}.Release|Any CPU.ActiveCfg = Release|x86
		{29C83437-DE8D-4B9B-BE53-8262F9B59D50}.Release|ARM.ActiveCfg = Release|ARM
		{29C83437-DE8D-4B9B-BE53-8262F9B59D50}.Release|ARM.Build.0 = Release|ARM
		{29C83437-DE8D-4B9B-BE53-8262F9B59D50}.Release|ARM.Deploy.0 = Release|ARM
		{29C83437-DE8D-4B9B-BE53-8262F9B59D50}.Release|ARM64.ActiveCfg = Release|ARM64
		{29C83437-DE8D-4B9B-BE53-8262F9B59D50}.Release|ARM64.Build.0 = Release|ARM64
		{29C83437-DE8D-4B9B-BE53-8262F9B59D50}.Release|ARM64.Deploy.0 = Release|ARM64
		{29C83437-DE8D-4B9B-BE53-8262F9B59D50}.Release|x64.ActiveCfg = Release|x64
		{29C83437-DE8D-4B9B-BE53-8262F9B59D50}.Release|x64.Build.0 = Release|x64
		{29C83437-DE8D-4B9B-BE53-8262F9B59D50}.Release|x64.Deploy.0 = Release|x64
		{29C83437-DE8D-4B9B-BE53-8262F9B59D50}.Release|x86.ActiveCfg = Release|x86
		{29C83437-DE8D-4B9B-BE53-8262F9B59D50}.Release|x86.Build.0 = Release|x86
		{29C83437-DE8D-4B9B-BE53-8262F9B59D50}.Release|x86.Deploy.0 = Release|x86
		{DEDB38AC-6E51-40B8-A419-E8136C525837}.Debug|Any CPU.ActiveCfg = Debug|Any CPU
		{DEDB38AC-6E51-40B8-A419-E8136C525837}.Debug|Any CPU.Build.0 = Debug|Any CPU
		{DEDB38AC-6E51-40B8-A419-E8136C525837}.Debug|ARM.ActiveCfg = Debug|Any CPU
		{DEDB38AC-6E51-40B8-A419-E8136C525837}.Debug|ARM.Build.0 = Debug|Any CPU
		{DEDB38AC-6E51-40B8-A419-E8136C525837}.Debug|ARM64.ActiveCfg = Debug|Any CPU
		{DEDB38AC-6E51-40B8-A419-E8136C525837}.Debug|ARM64.Build.0 = Debug|Any CPU
		{DEDB38AC-6E51-40B8-A419-E8136C525837}.Debug|x64.ActiveCfg = Debug|Any CPU
		{DEDB38AC-6E51-40B8-A419-E8136C525837}.Debug|x64.Build.0 = Debug|Any CPU
		{DEDB38AC-6E51-40B8-A419-E8136C525837}.Debug|x86.ActiveCfg = Debug|Any CPU
		{DEDB38AC-6E51-40B8-A419-E8136C525837}.Debug|x86.Build.0 = Debug|Any CPU
		{DEDB38AC-6E51-40B8-A419-E8136C525837}.Release|Any CPU.ActiveCfg = Release|Any CPU
		{DEDB38AC-6E51-40B8-A419-E8136C525837}.Release|Any CPU.Build.0 = Release|Any CPU
		{DEDB38AC-6E51-40B8-A419-E8136C525837}.Release|ARM.ActiveCfg = Release|Any CPU
		{DEDB38AC-6E51-40B8-A419-E8136C525837}.Release|ARM.Build.0 = Release|Any CPU
		{DEDB38AC-6E51-40B8-A419-E8136C525837}.Release|ARM64.ActiveCfg = Release|Any CPU
		{DEDB38AC-6E51-40B8-A419-E8136C525837}.Release|ARM64.Build.0 = Release|Any CPU
		{DEDB38AC-6E51-40B8-A419-E8136C525837}.Release|x64.ActiveCfg = Release|Any CPU
		{DEDB38AC-6E51-40B8-A419-E8136C525837}.Release|x64.Build.0 = Release|Any CPU
		{DEDB38AC-6E51-40B8-A419-E8136C525837}.Release|x86.ActiveCfg = Release|Any CPU
		{DEDB38AC-6E51-40B8-A419-E8136C525837}.Release|x86.Build.0 = Release|Any CPU
	EndGlobalSection
	GlobalSection(SolutionProperties) = preSolution
		HideSolutionNode = FALSE
	EndGlobalSection
	GlobalSection(ExtensibilityGlobals) = postSolution
		SolutionGuid = {8F30BB2B-2A6E-4424-8538-43F18D8A997D}
	EndGlobalSection
EndGlobal
