{
  "version": 1,
  "dependencies": {
    "net10.0-windows10.0.26100": {
      "CommunityToolkit.Labs.Uwp.Controls.MarkdownTextBlock": {
        "type": "Direct",
        "requested": "[0.1.250910-build.2249, )",
        "resolved": "0.1.250910-build.2249",
        "contentHash": "+Iq+RynY6xGKpSyIZekAAWaBKjLtjH6YCoCRIG35HamNZL4JIAoaIJqMvwkyUBW1IFSLXmQzxfUhKXqEQe6+yg==",
        "dependencies": {
          "HtmlAgilityPack": "1.11.71",
          "Markdig": "0.38.0",
          "Microsoft.UI.Xaml": "2.8.7",
          "Roman-Numerals": "2.0.1"
        }
      },
      "CommunityToolkit.Labs.Uwp.DependencyPropertyGenerator": {
        "type": "Direct",
        "requested": "[0.1.250829-build.2245, )",
        "resolved": "0.1.250829-build.2245",
        "contentHash": "ihN66WFcLm1LKVMDGNsvdIpqut//x3eJXaTfUsU3MmVPJxFsb+02x5XPjLMks5Ef5Dk6BqKIakx4+EQogfDiYQ=="
      },
      "CommunityToolkit.Labs.Uwp.TokenView": {
        "type": "Direct",
        "requested": "[0.1.250828-build.2223, )",
        "resolved": "0.1.250828-build.2223",
        "contentHash": "VRqnxQvjstmrc9Bf9r/yjHczHKFj0Qpe6ZUFdqvg3ET4Yf/idIrM25pGgjXseL+JDX+/dqIT8egz9NIeyKAkLw==",
        "dependencies": {
          "CommunityToolkit.Uwp.Controls.Primitives": "8.2.250402",
          "CommunityToolkit.Uwp.Extensions": "8.2.250402",
          "Microsoft.UI.Xaml": "2.8.7"
        }
      },
      "CommunityToolkit.Uwp.Animations": {
        "type": "Direct",
        "requested": "[8.2.250402, )",
        "resolved": "8.2.250402",
        "contentHash": "tj+UOMlxhJFf0gXY3M2WhmQ8WJOsfoYAZlXxuBqvg1E/NsKOI59+LUNDmxtF2Ab5ZUgZCzgPqXQwx6OzY2ignQ==",
        "dependencies": {
          "CommunityToolkit.Uwp.Extensions": "8.2.250402",
          "Microsoft.UI.Xaml": "2.8.7"
        }
      },
      "CommunityToolkit.Uwp.Behaviors": {
        "type": "Direct",
        "requested": "[8.2.250402, )",
        "resolved": "8.2.250402",
        "contentHash": "0vgCbWOBRMZZmwOA6hdOthIDAoue5MfD3Yi6q6AjlB7IuVIYpIS/w7I5Zc/KyAI5TNgoeaQb4CTKARkdRwn33w==",
        "dependencies": {
          "CommunityToolkit.Uwp.Animations": "8.2.250402",
          "CommunityToolkit.Uwp.Extensions": "8.2.250402",
          "Microsoft.UI.Xaml": "2.8.7",
          "Microsoft.Xaml.Behaviors.Uwp.Managed": "3.0.0"
        }
      },
      "CommunityToolkit.Uwp.Controls.Primitives": {
        "type": "Direct",
        "requested": "[8.2.250402, )",
        "resolved": "8.2.250402",
        "contentHash": "mzxJYSvIW4ReMOhe18M5ZV9ETHSl+pB4ikXpyxSZdtPs6pU54fYqQ3rxhBWdgEUVzi9cnMxIBGtLOqYr+JWg0Q==",
        "dependencies": {
          "CommunityToolkit.Uwp.Extensions": "8.2.250402",
          "Microsoft.UI.Xaml": "2.8.7"
        }
      },
      "CommunityToolkit.Uwp.Controls.Sizers": {
        "type": "Direct",
        "requested": "[8.2.250402, )",
        "resolved": "8.2.250402",
        "contentHash": "PsPCpX+T8W9que570Ze/qfLRvL5S/UN2sjq5QTHaSaOumkZPulTf2OqsOY7hKqDRxHnAvABZ8Ha6T11quIiUzg==",
        "dependencies": {
          "CommunityToolkit.Uwp.Extensions": "8.2.250402",
          "Microsoft.UI.Xaml": "2.8.7"
        }
      },
      "CommunityToolkit.Uwp.Converters": {
        "type": "Direct",
        "requested": "[8.2.250402, )",
        "resolved": "8.2.250402",
        "contentHash": "p5putB/HYfFaObg5AI2dnPt5IioXFfxYFaydHhn9w0I4Ab9K334r4VbrifjoGuMsrpmriWgNTndgSwD1jky5pw==",
        "dependencies": {
          "CommunityToolkit.Common": "8.2.1",
          "Microsoft.UI.Xaml": "2.8.7"
        }
      },
      "CommunityToolkit.Uwp.Extensions": {
        "type": "Direct",
        "requested": "[8.2.250402, )",
        "resolved": "8.2.250402",
        "contentHash": "GC0RBXQaprgaYW9eb0FxZOmQREoUiMIVmv1Fc6ipMQJ66MN7ohrj2tz6yaU/F5JefG9maMSKmyWpmnopMraIHQ==",
        "dependencies": {
          "CommunityToolkit.Common": "8.2.1",
          "Microsoft.UI.Xaml": "2.8.7"
        }
      },
      "CommunityToolkit.Uwp.Helpers": {
        "type": "Direct",
        "requested": "[8.2.250402, )",
        "resolved": "8.2.250402",
        "contentHash": "qlkusqHLMpS4bVy4hC1ivF/3mWcBl1CdXP3XbGNn9KFZ3ka07mHsrJ+/BgNS7/d14xtot/4LE0uCDwv5ZrczTg==",
        "dependencies": {
          "CommunityToolkit.Uwp.Extensions": "8.2.250402",
          "Microsoft.UI.Xaml": "2.8.7"
        }
      },
      "CommunityToolkit.Uwp.Media": {
        "type": "Direct",
        "requested": "[8.2.250402, )",
        "resolved": "8.2.250402",
        "contentHash": "ugPU3is/QWLCz2MtcyhIDKEV0jod+/zXwrdr4w/eyfmBvEuJdf5rrFvrohEjzMp6b9fgJouj/ExuBpWSO/7YYw==",
        "dependencies": {
          "CommunityToolkit.Uwp.Animations": "8.2.250402",
          "CommunityToolkit.Uwp.Extensions": "8.2.250402",
          "Microsoft.UI.Xaml": "2.8.7",
          "Win2D.uwp": "1.28.1"
        }
      },
      "Markdig": {
        "type": "Direct",
        "requested": "[0.42.0, )",
        "resolved": "0.42.0",
        "contentHash": "tINdftVfbTujqfPXrQOSl9/6XCS2Y4Zwz+i7UPBgxRNnDtI1CjyQ5UA/5sKoSOmfECyWkTztY/vbcc/u1DA8nA=="
      },
      "Microsoft.DotNet.ILCompiler": {
        "type": "Direct",
        "requested": "[10.0.0-rc.1.25451.107, )",
        "resolved": "10.0.0-rc.1.25451.107",
        "contentHash": "pGlnnJrQ4s3pjbvaTlC1MeZ+x18t2iYn25Jz+nzzgp0BCndbSxbxHzFL2IzV55bbeKecJszF8/8RHFKwVjRKpQ=="
      },
      "Microsoft.NET.ILLink.Tasks": {
        "type": "Direct",
        "requested": "[10.0.0-rc.1.25451.107, )",
        "resolved": "10.0.0-rc.1.25451.107",
        "contentHash": "MnPx3NJT7pLBfOgIVs1/IXL8n5sEErhaJu14TQujaXTMwzv9I3v+nzPqUrUuEunaHeeH10n/3oZBn/Xg4trP0g=="
      },
      "Microsoft.UI.Xaml": {
        "type": "Direct",
        "requested": "[2.8.7, )",
        "resolved": "2.8.7",
        "contentHash": "GuYRY8KcB0K4IufFqxob40qUL6Gh+zi4RjHXVMENlJTRsXcVGl+QFNIyZVGbHDRgwIN8n0We9TBk0rUQP41Yig==",
        "dependencies": {
          "Microsoft.Web.WebView2": "1.0.2849.39"
        }
      },
      "Microsoft.Web.WebView2": {
        "type": "Direct",
        "requested": "[1.0.3485.44, )",
        "resolved": "1.0.3485.44",
        "contentHash": "4hk+MDJcW6Hcvtfb0qv0zba9mpBFxM2GO9gJ+8Nq/zoAdwFanmt7jzvM07NPB/UcuQ/jZpKh9IUDL/eVOEFh2A=="
      },
      "Microsoft.Windows.SDK.BuildTools": {
        "type": "Direct",
        "requested": "[10.0.26100.4654, )",
        "resolved": "10.0.26100.4654",
        "contentHash": "2mgcOlj/t2RfSyyw+pVESfO+Tk1RkfQzto9Vrq42M1lUQIfQEwbi8QLha9GXWIOj+TFzeHIEJckIoF25mgiM8A=="
      },
      "Microsoft.Windows.SDK.BuildTools.MSIX": {
        "type": "Direct",
        "requested": "[1.7.20250829.1, )",
        "resolved": "1.7.20250829.1",
        "contentHash": "IMdvRmCIZnBS5GkYnv0po1bcx6U1OF39pqA4TphQ9evDzpCRoSE19/PkDvlUNNrBavTsLIEJgd/TAIFner75ow=="
      },
      "Caching": {
        "type": "Transitive",
        "resolved": "3.1.3",
        "contentHash": "LXvqiQdAGJrVjd9CetSwaJpn5MNuKT1g5JGtBb6q4UKBF/RTpF2a08U9tke5Igns8hmUQBRt1H9qJCDMcL/P3w=="
      },
      "CommunityToolkit.Common": {
        "type": "Transitive",
        "resolved": "8.2.1",
        "contentHash": "LWuhy8cQKJ/MYcy3XafJ916U3gPH/YDvYoNGWyQWN11aiEKCZszzPOTJAOvBjP9yG8vHmIcCyPUt4L82OK47Iw=="
      },
      "CommunityToolkit.Mvvm": {
        "type": "Transitive",
        "resolved": "8.4.0",
        "contentHash": "tqVU8yc/ADO9oiTRyTnwhFN68hCwvkliMierptWOudIAvWY1mWCh5VFh+guwHJmpMwfg0J0rY+yyd5Oy7ty9Uw=="
      },
      "HtmlAgilityPack": {
        "type": "Transitive",
        "resolved": "1.11.71",
        "contentHash": "HlEThQBnob4/29DIiyrPSYlGXXSZUtOH7571PRev+yu8FW8n5pdxqHyun+PMm17cp3ovCrxFhXedC+1HUSdRMA=="
      },
      "JxlNet": {
        "type": "Transitive",
        "resolved": "0.11.1.2",
        "contentHash": "H4kUEEiSISK236J6YevM04f4c6qzAS15oVP5EWasOzKpaSjGCz8EBe3Q/sVNY2miXZzHgVKA069j3TgAVsa+1w=="
      },
      "KeyedSemaphores": {
        "type": "Transitive",
        "resolved": "5.0.0",
        "contentHash": "LZ3+Ju53URaY8bgkrieBiTKxtOVXMCNQPkmU8pMkEa/3XYiB3e755tp7LqEkHt5ZlXTICFOloRcGhoAqf9MUBg==",
        "dependencies": {
          "Microsoft.Bcl.HashCode": "1.1.1"
        }
      },
      "Microsoft.Bcl.HashCode": {
        "type": "Transitive",
        "resolved": "1.1.1",
        "contentHash": "MalY0Y/uM/LjXtHfX/26l2VtN4LDNZ2OE3aumNOHDLsT4fNYy2hiHXI4CXCqKpNUNm7iJ2brrc4J89UdaL56FA=="
      },
      "Microsoft.Extensions.DependencyInjection": {
        "type": "Transitive",
        "resolved": "10.0.0-rc.1.25451.107",
        "contentHash": "LyE1mwZNT30J/6ygkZZm6QlDRaKpwQf5dHkREGAlJQr75kz1VGx0RI/cxa6kevnuYaLNE5UtgtGT2Amp+dFT1Q==",
        "dependencies": {
          "Microsoft.Extensions.DependencyInjection.Abstractions": "10.0.0-rc.1.25451.107"
        }
      },
      "Microsoft.Extensions.DependencyInjection.Abstractions": {
        "type": "Transitive",
        "resolved": "10.0.0-rc.1.25451.107",
        "contentHash": "Wm2HfC0GlWExQmJajq85FHM9iHEOm61Z1c2YLivbzI6R5eT+TTSyfk3RHUra4oBU+oj1XhOIQ5hLW6Kg2r85tg=="
      },
      "Microsoft.Xaml.Behaviors.Uwp.Managed": {
        "type": "Transitive",
        "resolved": "3.0.0",
        "contentHash": "SUPaCmyxi6245iN3cDBzu1gzfjOSEIXrBm+95oqO5XJP1BwA/LQxiDXfPl6JjN3EiCdZVs7Z0pjOYiDBZHgdvg=="
      },
      "RestSharp": {
        "type": "Transitive",
        "resolved": "112.1.0",
        "contentHash": "bOUGNZqhhv/QeCXHTKEUil846yBjwWXpzPKjO67kFvaAOoF361z7jLY5BMnuZ6WD2WQRA750sNMcK7MSPCQ5Mg=="
      },
      "Roman-Numerals": {
        "type": "Transitive",
        "resolved": "2.0.1",
        "contentHash": "Xvhd0IPCKhdYppa9RhDr4fkwhoMMWfahwCfyVtRgt6TRlbUw0gOmSjJR/+L+/s0QNhLTK93C+2pSlrkDgsoY2w=="
      },
      "Sentry": {
        "type": "Transitive",
        "resolved": "5.15.0",
        "contentHash": "JWJxQHYx6JadoQwyoPg/vNgfWJRIN+EaRpko9va5hDQ8QdkXnxz5CINnL/us8JLC5s7JHIFFfk6nDEGCCC6noQ=="
      },
      "SixLabors.ImageSharp": {
        "type": "Transitive",
        "resolved": "3.1.11",
        "contentHash": "JfPLyigLthuE50yi6tMt7Amrenr/fA31t2CvJyhy/kQmfulIBAqo5T/YFUSRHtuYPXRSaUHygFeh6Qd933EoSw=="
      },
      "Win2D.uwp": {
        "type": "Transitive",
        "resolved": "1.28.1",
        "contentHash": "d+8Le8IIFNoeH5ozAIDpvT9jaTzBqKpcPgB3DALdEGDP+2FLRe4w+s/Q8ye00dyFGcxsrXriWPdgvIZqWOioYw=="
      },
      "lrreader.shared": {
        "type": "Project",
        "dependencies": {
          "Caching": "[3.1.3, )",
          "CommunityToolkit.Mvvm": "[8.4.0, )",
          "JxlNet": "[0.11.1.2, )",
          "KeyedSemaphores": "[5.0.0, )",
          "Microsoft.Extensions.DependencyInjection": "[10.0.0-rc.1.25451.107, )",
          "RestSharp": "[112.1.0, )",
          "Sentry": "[5.15.0, )",
          "SixLabors.ImageSharp": "[3.1.11, )"
        }
      }
    },
    "net10.0-windows10.0.26100/win-arm64": {
      "Microsoft.DotNet.ILCompiler": {
        "type": "Direct",
        "requested": "[10.0.0-rc.1.25451.107, )",
        "resolved": "10.0.0-rc.1.25451.107",
        "contentHash": "pGlnnJrQ4s3pjbvaTlC1MeZ+x18t2iYn25Jz+nzzgp0BCndbSxbxHzFL2IzV55bbeKecJszF8/8RHFKwVjRKpQ==",
        "dependencies": {
          "runtime.win-arm64.Microsoft.DotNet.ILCompiler": "10.0.0-rc.1.25451.107"
        }
      },
      "Microsoft.Web.WebView2": {
        "type": "Direct",
        "requested": "[1.0.3485.44, )",
        "resolved": "1.0.3485.44",
        "contentHash": "4hk+MDJcW6Hcvtfb0qv0zba9mpBFxM2GO9gJ+8Nq/zoAdwFanmt7jzvM07NPB/UcuQ/jZpKh9IUDL/eVOEFh2A=="
      },
      "JxlNet": {
        "type": "Transitive",
        "resolved": "0.11.1.2",
        "contentHash": "H4kUEEiSISK236J6YevM04f4c6qzAS15oVP5EWasOzKpaSjGCz8EBe3Q/sVNY2miXZzHgVKA069j3TgAVsa+1w=="
      },
      "runtime.win-arm64.Microsoft.DotNet.ILCompiler": {
        "type": "Transitive",
        "resolved": "10.0.0-rc.1.25451.107",
        "contentHash": "tS0/KwZohdwgcbO1UQVsv6fxSdyMsKLDXQS6DfBf5VZHWmIzo+Uj4ICaHEMyVCYuhe4QcfuyjFRDIV75/VKsug=="
      },
      "Win2D.uwp": {
        "type": "Transitive",
        "resolved": "1.28.1",
        "contentHash": "d+8Le8IIFNoeH5ozAIDpvT9jaTzBqKpcPgB3DALdEGDP+2FLRe4w+s/Q8ye00dyFGcxsrXriWPdgvIZqWOioYw=="
      }
    },
    "net10.0-windows10.0.26100/win-x64": {
      "Microsoft.DotNet.ILCompiler": {
        "type": "Direct",
        "requested": "[10.0.0-rc.1.25451.107, )",
        "resolved": "10.0.0-rc.1.25451.107",
        "contentHash": "pGlnnJrQ4s3pjbvaTlC1MeZ+x18t2iYn25Jz+nzzgp0BCndbSxbxHzFL2IzV55bbeKecJszF8/8RHFKwVjRKpQ==",
        "dependencies": {
          "runtime.win-x64.Microsoft.DotNet.ILCompiler": "10.0.0-rc.1.25451.107"
        }
      },
      "Microsoft.Web.WebView2": {
        "type": "Direct",
        "requested": "[1.0.3485.44, )",
        "resolved": "1.0.3485.44",
        "contentHash": "4hk+MDJcW6Hcvtfb0qv0zba9mpBFxM2GO9gJ+8Nq/zoAdwFanmt7jzvM07NPB/UcuQ/jZpKh9IUDL/eVOEFh2A=="
      },
      "JxlNet": {
        "type": "Transitive",
        "resolved": "0.11.1.2",
        "contentHash": "H4kUEEiSISK236J6YevM04f4c6qzAS15oVP5EWasOzKpaSjGCz8EBe3Q/sVNY2miXZzHgVKA069j3TgAVsa+1w=="
      },
      "runtime.win-x64.Microsoft.DotNet.ILCompiler": {
        "type": "Transitive",
        "resolved": "10.0.0-rc.1.25451.107",
        "contentHash": "+oUu2CGnaaWBwFYC3HWXeOeNqBKiE7vdoofgEFrwZXT2m1d03T+DeUSiub5K//Bt9JEZD3/7BfE62k+a5ZRwwA=="
      },
      "Win2D.uwp": {
        "type": "Transitive",
        "resolved": "1.28.1",
        "contentHash": "d+8Le8IIFNoeH5ozAIDpvT9jaTzBqKpcPgB3DALdEGDP+2FLRe4w+s/Q8ye00dyFGcxsrXriWPdgvIZqWOioYw=="
      }
    }
  }
}