{
  "version": 1,
  "dependencies": {
    "net9.0-windows10.0.26100": {
      "CommunityToolkit.Labs.Uwp.TokenView": {
        "type": "Direct",
        "requested": "[0.1.250206-build.2040, )",
        "resolved": "0.1.250206-build.2040",
        "contentHash": "0oO6SXZpvnAn8F2PSmZ0XOs6iVmOUPCoan3pdzZqZ8pLAsaImJGD+tKHjjlYHd801oUc18pzZ8x7sVu1wH4kQQ==",
        "dependencies": {
          "CommunityToolkit.Uwp.Controls.Primitives": "8.2.241223-build.1367",
          "CommunityToolkit.Uwp.Extensions": "8.2.241223-build.1367",
          "Microsoft.UI.Xaml": "2.8.7"
        }
      },
      "CommunityToolkit.Uwp.Animations": {
        "type": "Direct",
        "requested": "[8.2.250129-preview2, )",
        "resolved": "8.2.250129-preview2",
        "contentHash": "NooKu/gVTLYwi2YynnhsucwrCXf0qIUWf3a+/dfF7WbAvcYJVre6iN5NIQV5+fHCW0RZolOlVxFVR+70TJaNzQ==",
        "dependencies": {
          "CommunityToolkit.Uwp.Extensions": "8.2.250129-preview2",
          "Microsoft.UI.Xaml": "2.8.7-prerelease.241119001"
        }
      },
      "CommunityToolkit.Uwp.Behaviors": {
        "type": "Direct",
        "requested": "[8.2.250129-preview2, )",
        "resolved": "8.2.250129-preview2",
        "contentHash": "NlQJtuMifs2eACe2BVZ56D3CdkVE+XbSvcIPeOJH6XcRyuGBBk/NDT0yXpub0pk5I0VYeTp7ug7GO49qlZYLRA==",
        "dependencies": {
          "CommunityToolkit.Uwp.Animations": "8.2.250129-preview2",
          "CommunityToolkit.Uwp.Extensions": "8.2.250129-preview2",
          "Microsoft.UI.Xaml": "2.8.7-prerelease.241119001",
          "Microsoft.Xaml.Behaviors.Uwp.Managed": "3.0.0"
        }
      },
      "CommunityToolkit.Uwp.Controls.Primitives": {
        "type": "Direct",
        "requested": "[8.2.250129-preview2, )",
        "resolved": "8.2.250129-preview2",
        "contentHash": "AFa9OLEJnH4m2BVOWly8rpCB/0/uVrSi/NVJ8IkIT/DlouXVli2K65N+aFqMc5yBwQmtvxCycj5QA3kk9F6JFQ==",
        "dependencies": {
          "CommunityToolkit.Uwp.Extensions": "8.2.250129-preview2",
          "Microsoft.UI.Xaml": "2.8.7-prerelease.241119001"
        }
      },
      "CommunityToolkit.Uwp.Controls.Sizers": {
        "type": "Direct",
        "requested": "[8.2.250129-preview2, )",
        "resolved": "8.2.250129-preview2",
        "contentHash": "57DPJEB8PAj+Q5gIrIVl8zQ5JWUlpLqCs8kGlY1VwaXcgcdp/DFjmv9slYuO65UI31dsjvrAdIdNiMy+dbQdRA==",
        "dependencies": {
          "CommunityToolkit.Uwp.Extensions": "8.2.250129-preview2",
          "Microsoft.UI.Xaml": "2.8.7-prerelease.241119001"
        }
      },
      "CommunityToolkit.Uwp.Converters": {
        "type": "Direct",
        "requested": "[8.2.250129-preview2, )",
        "resolved": "8.2.250129-preview2",
        "contentHash": "EgzeYcLqbwNNUaSeyhMjDHg65eafovwHIrwEcGGNlW5e4gPXIvVBatHIMJ8Zuunp4eQSHGIgX78lccu0Uk2GPw==",
        "dependencies": {
          "CommunityToolkit.Common": "8.2.1",
          "Microsoft.UI.Xaml": "2.8.7-prerelease.241119001"
        }
      },
      "CommunityToolkit.Uwp.Extensions": {
        "type": "Direct",
        "requested": "[8.2.250129-preview2, )",
        "resolved": "8.2.250129-preview2",
        "contentHash": "SnIAoWSaoBz6g1kLwXT1bp/VTBf7MGYU+MnnOsBz2egNSpxoiHkwzCIOPCv8ROAe2A08B+UqkrNSKs6qZTQPug==",
        "dependencies": {
          "CommunityToolkit.Common": "8.2.1",
          "Microsoft.UI.Xaml": "2.8.7-prerelease.241119001"
        }
      },
      "CommunityToolkit.Uwp.Helpers": {
        "type": "Direct",
        "requested": "[8.2.250129-preview2, )",
        "resolved": "8.2.250129-preview2",
        "contentHash": "MwRpvmMBULIWBoDQnwN3MG5/laESCI2t8HSfThRp/mDWOifXVLU56J6bOFGHcN8xoMDemTf+QXBePbTp5+V+rg==",
        "dependencies": {
          "CommunityToolkit.Uwp.Extensions": "8.2.250129-preview2",
          "Microsoft.UI.Xaml": "2.8.7-prerelease.241119001"
        }
      },
      "CommunityToolkit.Uwp.Media": {
        "type": "Direct",
        "requested": "[8.2.250129-preview2, )",
        "resolved": "8.2.250129-preview2",
        "contentHash": "NcUyPmNcqk8JwbDf3sSybs/lJMKEXLWLfntqqdeba8irF0lYeF39WFaapIfweNv8zTYNHweArUnM5uiw/UmdCQ==",
        "dependencies": {
          "CommunityToolkit.Uwp.Animations": "8.2.250129-preview2",
          "CommunityToolkit.Uwp.Extensions": "8.2.250129-preview2",
          "Microsoft.UI.Xaml": "2.8.7-prerelease.241119001",
          "Win2D.uwp": "1.28.1"
        }
      },
      "CommunityToolkit.Uwp.Triggers": {
        "type": "Direct",
        "requested": "[8.2.250129-preview2, )",
        "resolved": "8.2.250129-preview2",
        "contentHash": "eaGQIF+q0Nyz2K+DwOEe/dL1Jmba1LwwpPRpESawV+doYRCRNWDf+rWo8BabhC/V3HTClACgIoj4HwhKZXMX2w==",
        "dependencies": {
          "CommunityToolkit.Uwp.Helpers": "8.2.250129-preview2",
          "Microsoft.UI.Xaml": "2.8.7-prerelease.241119001"
        }
      },
      "Markdig": {
        "type": "Direct",
        "requested": "[0.40.0, )",
        "resolved": "0.40.0",
        "contentHash": "4ve14zs+gt1irldTQE3y5FLAHuzmhW7T99lAAvVipe/q2LWT/nUCO0iICb9TXGvMX6n7Z1OZroFXkdSy91rO8w=="
      },
      "Microsoft.UI.Xaml": {
        "type": "Direct",
        "requested": "[2.8.7, )",
        "resolved": "2.8.7",
        "contentHash": "GuYRY8KcB0K4IufFqxob40qUL6Gh+zi4RjHXVMENlJTRsXcVGl+QFNIyZVGbHDRgwIN8n0We9TBk0rUQP41Yig==",
        "dependencies": {
          "Microsoft.Web.WebView2": "1.0.2849.39"
        }
      },
      "Microsoft.Web.WebView2": {
        "type": "Direct",
        "requested": "[1.0.3065.39, )",
        "resolved": "1.0.3065.39",
        "contentHash": "ww6ToZ2jpHyP4k3DCQJETjKcdVS1cha9pS8dV2NetyfafItxz08wcAyQV0Yl86W7euhI02UJWEaC5sM8WLr0tQ=="
      },
      "Microsoft.Windows.SDK.BuildTools": {
        "type": "Direct",
        "requested": "[10.0.22621.3233, )",
        "resolved": "10.0.22621.3233",
        "contentHash": "v67zwCb9JOpfPxdSroZukIKHruU6FUB+KwcmSPcVvUFyYtcyvcUign5y8jPQNi54CVzWvaTg646e62LbanUkxg=="
      },
      "Microsoft.Windows.SDK.BuildTools.MSIX": {
        "type": "Direct",
        "requested": "[1.2.20250107.1, )",
        "resolved": "1.2.20250107.1",
        "contentHash": "o/6BbqYGWfWAHiaFnSPoNKVKEU8M675+2pRwvkXFawhOgZDzzDKNvQULYLkWSZ5vBgsajfCJ+jnbFvAve0Pq1A=="
      },
      "Caching.dll": {
        "type": "Transitive",
        "resolved": "2.0.0.1",
        "contentHash": "/fImQ2aVuUrAkEKgO72MdoBYkVoYvWDiNSGF9UJ7demJXuTNHpMnIqTh4ZCDHQccFSSRKzmDpndyl9owgxw7iA==",
        "dependencies": {
          "Microsoft.CSharp": "4.7.0"
        }
      },
      "CommunityToolkit.Common": {
        "type": "Transitive",
        "resolved": "8.2.1",
        "contentHash": "LWuhy8cQKJ/MYcy3XafJ916U3gPH/YDvYoNGWyQWN11aiEKCZszzPOTJAOvBjP9yG8vHmIcCyPUt4L82OK47Iw=="
      },
      "CommunityToolkit.Mvvm": {
        "type": "Transitive",
        "resolved": "8.4.0",
        "contentHash": "tqVU8yc/ADO9oiTRyTnwhFN68hCwvkliMierptWOudIAvWY1mWCh5VFh+guwHJmpMwfg0J0rY+yyd5Oy7ty9Uw=="
      },
      "JxlNet": {
        "type": "Transitive",
        "resolved": "0.11.1.1",
        "contentHash": "6Jd3mxl143hUNNGPm3//Qj51z2PZJtMFHVipzaFsdrcsf2FeBJxNec4bzIX1StTHS7Z5Brq3BDgCFDq9mqYy9Q=="
      },
      "KeyedSemaphores": {
        "type": "Transitive",
        "resolved": "5.0.0",
        "contentHash": "LZ3+Ju53URaY8bgkrieBiTKxtOVXMCNQPkmU8pMkEa/3XYiB3e755tp7LqEkHt5ZlXTICFOloRcGhoAqf9MUBg==",
        "dependencies": {
          "Microsoft.Bcl.HashCode": "1.1.1",
          "System.Threading.Tasks.Extensions": "4.5.4"
        }
      },
      "Microsoft.Bcl.HashCode": {
        "type": "Transitive",
        "resolved": "1.1.1",
        "contentHash": "MalY0Y/uM/LjXtHfX/26l2VtN4LDNZ2OE3aumNOHDLsT4fNYy2hiHXI4CXCqKpNUNm7iJ2brrc4J89UdaL56FA=="
      },
      "Microsoft.CSharp": {
        "type": "Transitive",
        "resolved": "4.7.0",
        "contentHash": "pTj+D3uJWyN3My70i2Hqo+OXixq3Os2D1nJ2x92FFo6sk8fYS1m1WLNTs0Dc1uPaViH0YvEEwvzddQ7y4rhXmA=="
      },
      "Microsoft.Extensions.Configuration": {
        "type": "Transitive",
        "resolved": "8.0.0",
        "contentHash": "0J/9YNXTMWSZP2p2+nvl8p71zpSwokZXZuJW+VjdErkegAnFdO1XlqtA62SJtgVYHdKu3uPxJHcMR/r35HwFBA==",
        "dependencies": {
          "Microsoft.Extensions.Configuration.Abstractions": "8.0.0",
          "Microsoft.Extensions.Primitives": "8.0.0"
        }
      },
      "Microsoft.Extensions.Configuration.Abstractions": {
        "type": "Transitive",
        "resolved": "8.0.0",
        "contentHash": "3lE/iLSutpgX1CC0NOW70FJoGARRHbyKmG7dc0klnUZ9Dd9hS6N/POPWhKhMLCEuNN5nXEY5agmlFtH562vqhQ==",
        "dependencies": {
          "Microsoft.Extensions.Primitives": "8.0.0"
        }
      },
      "Microsoft.Extensions.Configuration.Binder": {
        "type": "Transitive",
        "resolved": "8.0.2",
        "contentHash": "7IQhGK+wjyGrNsPBjJcZwWAr+Wf6D4+TwOptUt77bWtgNkiV8tDEbhFS+dDamtQFZ2X7kWG9m71iZQRj2x3zgQ==",
        "dependencies": {
          "Microsoft.Extensions.Configuration.Abstractions": "8.0.0"
        }
      },
      "Microsoft.Extensions.DependencyInjection": {
        "type": "Transitive",
        "resolved": "9.0.2",
        "contentHash": "ZffbJrskOZ40JTzcTyKwFHS5eACSWp2bUQBBApIgGV+es8RaTD4OxUG7XxFr3RIPLXtYQ1jQzF2DjKB5fZn7Qg==",
        "dependencies": {
          "Microsoft.Extensions.DependencyInjection.Abstractions": "9.0.2"
        }
      },
      "Microsoft.Extensions.DependencyInjection.Abstractions": {
        "type": "Transitive",
        "resolved": "9.0.2",
        "contentHash": "MNe7GSTBf3jQx5vYrXF0NZvn6l7hUKF6J54ENfAgCO8y6xjN1XUmKKWG464LP2ye6QqDiA1dkaWEZBYnhoZzjg=="
      },
      "Microsoft.Extensions.Logging": {
        "type": "Transitive",
        "resolved": "9.0.2",
        "contentHash": "loV/0UNpt2bD+6kCDzFALVE63CDtqzPeC0LAetkdhiEr/tTNbvOlQ7CBResH7BQBd3cikrwiBfaHdyHMFUlc2g==",
        "dependencies": {
          "Microsoft.Extensions.DependencyInjection": "9.0.2",
          "Microsoft.Extensions.Logging.Abstractions": "9.0.2",
          "Microsoft.Extensions.Options": "9.0.2"
        }
      },
      "Microsoft.Extensions.Logging.Abstractions": {
        "type": "Transitive",
        "resolved": "9.0.2",
        "contentHash": "dV9s2Lamc8jSaqhl2BQSPn/AryDIH2sSbQUyLitLXV0ROmsb+SROnn2cH939JFbsNrnf3mIM3GNRKT7P0ldwLg==",
        "dependencies": {
          "Microsoft.Extensions.DependencyInjection.Abstractions": "9.0.2"
        }
      },
      "Microsoft.Extensions.Logging.Configuration": {
        "type": "Transitive",
        "resolved": "8.0.1",
        "contentHash": "QWwTrsgOnJMmn+XUslm8D2H1n3PkP/u/v52FODtyBc/k4W9r3i2vcXXeeX/upnzllJYRRbrzVzT0OclfNJtBJA==",
        "dependencies": {
          "Microsoft.Extensions.Configuration": "8.0.0",
          "Microsoft.Extensions.Configuration.Abstractions": "8.0.0",
          "Microsoft.Extensions.Configuration.Binder": "8.0.2",
          "Microsoft.Extensions.DependencyInjection.Abstractions": "8.0.2",
          "Microsoft.Extensions.Logging": "8.0.1",
          "Microsoft.Extensions.Logging.Abstractions": "8.0.2",
          "Microsoft.Extensions.Options": "8.0.2",
          "Microsoft.Extensions.Options.ConfigurationExtensions": "8.0.0"
        }
      },
      "Microsoft.Extensions.Options": {
        "type": "Transitive",
        "resolved": "9.0.2",
        "contentHash": "zr98z+AN8+isdmDmQRuEJ/DAKZGUTHmdv3t0ZzjHvNqvA44nAgkXE9kYtfoN6581iALChhVaSw2Owt+Z2lVbkQ==",
        "dependencies": {
          "Microsoft.Extensions.DependencyInjection.Abstractions": "9.0.2",
          "Microsoft.Extensions.Primitives": "9.0.2"
        }
      },
      "Microsoft.Extensions.Options.ConfigurationExtensions": {
        "type": "Transitive",
        "resolved": "8.0.0",
        "contentHash": "0f4DMRqEd50zQh+UyJc+/HiBsZ3vhAQALgdkcQEalSH1L2isdC7Yj54M3cyo5e+BeO5fcBQ7Dxly8XiBBcvRgw==",
        "dependencies": {
          "Microsoft.Extensions.Configuration.Abstractions": "8.0.0",
          "Microsoft.Extensions.Configuration.Binder": "8.0.0",
          "Microsoft.Extensions.DependencyInjection.Abstractions": "8.0.0",
          "Microsoft.Extensions.Options": "8.0.0",
          "Microsoft.Extensions.Primitives": "8.0.0"
        }
      },
      "Microsoft.Extensions.Primitives": {
        "type": "Transitive",
        "resolved": "9.0.2",
        "contentHash": "puBMtKe/wLuYa7H6docBkLlfec+h8L35DXqsDKKJgW0WY5oCwJ3cBJKcDaZchv6knAyqOMfsl6VUbaR++E5LXA=="
      },
      "Microsoft.Xaml.Behaviors.Uwp.Managed": {
        "type": "Transitive",
        "resolved": "3.0.0",
        "contentHash": "SUPaCmyxi6245iN3cDBzu1gzfjOSEIXrBm+95oqO5XJP1BwA/LQxiDXfPl6JjN3EiCdZVs7Z0pjOYiDBZHgdvg=="
      },
      "NReco.Logging.File": {
        "type": "Transitive",
        "resolved": "1.2.2",
        "contentHash": "UyUIkyDiHi2HAJlmEWqeKN9/FxTF0DPNdyatzMDMTXvUpgvqBFneJ2qDtZkXRJNG8eR6jU+KsbGeMmChgUdRUg==",
        "dependencies": {
          "Microsoft.Extensions.Logging": "8.0.1",
          "Microsoft.Extensions.Logging.Configuration": "8.0.1",
          "Microsoft.Extensions.Options.ConfigurationExtensions": "8.0.0"
        }
      },
      "RestSharp": {
        "type": "Transitive",
        "resolved": "112.1.0",
        "contentHash": "bOUGNZqhhv/QeCXHTKEUil846yBjwWXpzPKjO67kFvaAOoF361z7jLY5BMnuZ6WD2WQRA750sNMcK7MSPCQ5Mg=="
      },
      "Sentry": {
        "type": "Transitive",
        "resolved": "5.1.0",
        "contentHash": "G9ynQGBc937yO+TFda09WQfTHKiwqVN8pgtM7LU6o2ciu8WVAE8IceSW0olp6nI9nWj99DtV/KAS2OKGK4B+Vg=="
      },
      "SixLabors.ImageSharp": {
        "type": "Transitive",
        "resolved": "3.1.6",
        "contentHash": "dHQ5jugF9v+5/LCVHCWVzaaIL6WOehqJy6eju/0VFYFPEj2WtqkGPoEV9EVQP83dHsdoqYaTuWpZdwAd37UwfA=="
      },
      "System.Threading.Tasks.Extensions": {
        "type": "Transitive",
        "resolved": "4.5.4",
        "contentHash": "zteT+G8xuGu6mS+mzDzYXbzS7rd3K6Fjb9RiZlYlJPam2/hU7JCBZBVEcywNuR+oZ1ncTvc/cq0faRr3P01OVg=="
      },
      "Win2D.uwp": {
        "type": "Transitive",
        "resolved": "1.28.1",
        "contentHash": "d+8Le8IIFNoeH5ozAIDpvT9jaTzBqKpcPgB3DALdEGDP+2FLRe4w+s/Q8ye00dyFGcxsrXriWPdgvIZqWOioYw=="
      },
      "lrreader.shared": {
        "type": "Project",
        "dependencies": {
          "Caching.dll": "[2.0.0.1, )",
          "CommunityToolkit.Mvvm": "[8.4.0, )",
          "JxlNet": "[0.11.1.1, )",
          "KeyedSemaphores": "[5.0.0, )",
          "Microsoft.Extensions.DependencyInjection": "[9.0.2, )",
          "Microsoft.Extensions.Logging": "[9.0.2, )",
          "NReco.Logging.File": "[1.2.2, )",
          "RestSharp": "[112.1.0, )",
          "Sentry": "[5.1.0, )",
          "SixLabors.ImageSharp": "[3.1.6, )"
        }
      },
      "lrreader.uwp.servicing": {
        "type": "Project"
      }
    },
    "net9.0-windows10.0.26100/win-arm64": {
      "Microsoft.Web.WebView2": {
        "type": "Direct",
        "requested": "[1.0.3065.39, )",
        "resolved": "1.0.3065.39",
        "contentHash": "ww6ToZ2jpHyP4k3DCQJETjKcdVS1cha9pS8dV2NetyfafItxz08wcAyQV0Yl86W7euhI02UJWEaC5sM8WLr0tQ=="
      },
      "JxlNet": {
        "type": "Transitive",
        "resolved": "0.11.1.1",
        "contentHash": "6Jd3mxl143hUNNGPm3//Qj51z2PZJtMFHVipzaFsdrcsf2FeBJxNec4bzIX1StTHS7Z5Brq3BDgCFDq9mqYy9Q=="
      },
      "Win2D.uwp": {
        "type": "Transitive",
        "resolved": "1.28.1",
        "contentHash": "d+8Le8IIFNoeH5ozAIDpvT9jaTzBqKpcPgB3DALdEGDP+2FLRe4w+s/Q8ye00dyFGcxsrXriWPdgvIZqWOioYw=="
      }
    },
    "net9.0-windows10.0.26100/win-x64": {
      "Microsoft.Web.WebView2": {
        "type": "Direct",
        "requested": "[1.0.3065.39, )",
        "resolved": "1.0.3065.39",
        "contentHash": "ww6ToZ2jpHyP4k3DCQJETjKcdVS1cha9pS8dV2NetyfafItxz08wcAyQV0Yl86W7euhI02UJWEaC5sM8WLr0tQ=="
      },
      "JxlNet": {
        "type": "Transitive",
        "resolved": "0.11.1.1",
        "contentHash": "6Jd3mxl143hUNNGPm3//Qj51z2PZJtMFHVipzaFsdrcsf2FeBJxNec4bzIX1StTHS7Z5Brq3BDgCFDq9mqYy9Q=="
      },
      "Win2D.uwp": {
        "type": "Transitive",
        "resolved": "1.28.1",
        "contentHash": "d+8Le8IIFNoeH5ozAIDpvT9jaTzBqKpcPgB3DALdEGDP+2FLRe4w+s/Q8ye00dyFGcxsrXriWPdgvIZqWOioYw=="
      }
    }
  }
}