{
  "version": 1,
  "dependencies": {
    "UAP,Version=v10.0.17763": {
      "CommunityToolkit.Labs.Uwp.TokenView": {
        "type": "Direct",
        "requested": "[0.1.241127-build.1823, )",
        "resolved": "0.1.241127-build.1823",
        "contentHash": "i8QcDR30chE7eNU9x2e30FzW28XFmzpmTv00Fh8UvtX7aYfdSQqBJoaoba+SWF9o3vfZvZkfrtGlIFQs8n2e2w==",
        "dependencies": {
          "CommunityToolkit.Uwp.Controls.Primitives": "8.0.230907",
          "CommunityToolkit.Uwp.Extensions": "8.0.230907",
          "Microsoft.UI.Xaml": "2.7.0"
        }
      },
      "CommunityToolkit.Uwp.Animations": {
        "type": "Direct",
        "requested": "[8.1.240916, )",
        "resolved": "8.1.240916",
        "contentHash": "EcFmz7qaBivKZJL3N/TY/gDGT40vl9/hLQJbHYgGv/3AlXQ8NWRH5kIqfpKR3hgoh259SOc/uzfOgSuSm/VsuQ==",
        "dependencies": {
          "CommunityToolkit.Uwp.Extensions": "8.1.240916",
          "Microsoft.UI.Xaml": "2.7.0"
        }
      },
      "CommunityToolkit.Uwp.Behaviors": {
        "type": "Direct",
        "requested": "[8.1.240916, )",
        "resolved": "8.1.240916",
        "contentHash": "rqh9GTJwYnhva2QpWoWs6XbaQEkgcPzR6BU+YfGkM/qRO1AeS/nQhMrwbc2IeF6WjWr4RzADs9stVkGmiaUfUA==",
        "dependencies": {
          "CommunityToolkit.Uwp.Animations": "8.1.240916",
          "CommunityToolkit.Uwp.Extensions": "8.1.240916",
          "Microsoft.UI.Xaml": "2.7.0",
          "Microsoft.Xaml.Behaviors.Uwp.Managed": "2.0.1"
        }
      },
      "CommunityToolkit.Uwp.Controls.Primitives": {
        "type": "Direct",
        "requested": "[8.1.240916, )",
        "resolved": "8.1.240916",
        "contentHash": "Erv5TRlCoAi8lOcR++NoqKeeP8dqwZX6U2F2BL/ZW/kd4Oy0uUG7ocvTecCLmlwfaQ1zErcTzPwNbOEQxHwGUQ==",
        "dependencies": {
          "CommunityToolkit.Uwp.Extensions": "8.1.240916",
          "Microsoft.UI.Xaml": "2.7.0"
        }
      },
      "CommunityToolkit.Uwp.Controls.Sizers": {
        "type": "Direct",
        "requested": "[8.1.240916, )",
        "resolved": "8.1.240916",
        "contentHash": "hxlfBUKTjfT5Tmpt9msZ3B5C8OXbFxud7ooavvj5EZrlJWQ0yqExsKDzrZR1yNSpeEg3T+M/6V+NJaHKBf40kQ==",
        "dependencies": {
          "CommunityToolkit.Uwp.Extensions": "8.1.240916",
          "Microsoft.UI.Xaml": "2.7.0"
        }
      },
      "CommunityToolkit.Uwp.Converters": {
        "type": "Direct",
        "requested": "[8.1.240916, )",
        "resolved": "8.1.240916",
        "contentHash": "tTudpM8gpezFMnVJgn/1pUcfaC0zW7K1JDFdYipaw1qCoIzXjIP4KV+jhuSrXYY2Lak0L6NpDcXvl9fR5Xrc5g==",
        "dependencies": {
          "CommunityToolkit.Common": "8.2.1",
          "Microsoft.UI.Xaml": "2.7.0"
        }
      },
      "CommunityToolkit.Uwp.Extensions": {
        "type": "Direct",
        "requested": "[8.1.240916, )",
        "resolved": "8.1.240916",
        "contentHash": "9g9GvT/mvPlo4PpHntSTJ6r2tce1r7uPQ3EdzqRowVJ+EngE+U4LTQU6DEEKJkKldxX+1nz4qX7+pXR757vrjQ==",
        "dependencies": {
          "CommunityToolkit.Common": "8.2.1",
          "Microsoft.UI.Xaml": "2.7.0"
        }
      },
      "CommunityToolkit.Uwp.Helpers": {
        "type": "Direct",
        "requested": "[8.1.240916, )",
        "resolved": "8.1.240916",
        "contentHash": "ltDc92ukc6VcAidPa0vsHxXuXfJrKDAqgNgEcgA9H7hwnuoEwNYRDin4j0bvL3rSEnC1sS4cmeEnRL7TxEy9sg==",
        "dependencies": {
          "CommunityToolkit.Uwp.Extensions": "8.1.240916",
          "Microsoft.UI.Xaml": "2.7.0"
        }
      },
      "CommunityToolkit.Uwp.Media": {
        "type": "Direct",
        "requested": "[8.1.240916, )",
        "resolved": "8.1.240916",
        "contentHash": "UyT8o2CN3IpUTbvgZKjFgy9aeepa1OSg6X4F+sUWtgM2T3UNkS6+Pn6KR9xQAlyun6uY7fZ8JwaHaExnHQGsHQ==",
        "dependencies": {
          "CommunityToolkit.Uwp.Animations": "8.1.240916",
          "CommunityToolkit.Uwp.Extensions": "8.1.240916",
          "Microsoft.UI.Xaml": "2.7.0",
          "System.Threading.Tasks.Extensions": "4.5.4",
          "Win2D.uwp": "1.26.0"
        }
      },
      "JxlNet": {
        "type": "Direct",
        "requested": "[0.11.1, )",
        "resolved": "0.11.1",
        "contentHash": "DpCIMSO4QCkqoThXnN3TfylLmlb4+ALRdUA+hwdb18y5UZl1+R8vKCO9iCLQYZ6md2vudJph6gW3GVFKZSysQw==",
        "dependencies": {
          "System.Memory": "4.6.0"
        }
      },
      "Markdig": {
        "type": "Direct",
        "requested": "[0.38.0, )",
        "resolved": "0.38.0",
        "contentHash": "zKy3JFjQvr1wbuMtbfcZVjNNCIqHxSCjGMq/CBcyNsY/MPsxqcS3o8M7CZ2kcMGGIw5LI2ZZd8rFUaFeV6SvrQ==",
        "dependencies": {
          "System.Memory": "4.5.5"
        }
      },
      "Microsoft.NETCore.UniversalWindowsPlatform": {
        "type": "Direct",
        "requested": "[6.2.14, )",
        "resolved": "6.2.14",
        "contentHash": "7Mi4cS8JQ7gqm+W+SRCq13c2Rr0yZTuczC9EbV6gRigE2ZhQalnLHyat0ZshT5HDMSkFDxTyjwZymUgFuv3+eg==",
        "dependencies": {
          "Microsoft.NETCore.Platforms": "2.1.0",
          "Microsoft.Net.Native.Compiler": "2.2.12-rel-31116-00",
          "Microsoft.Net.UWPCoreRuntimeSdk": "2.2.14",
          "NETStandard.Library": "2.0.3"
        }
      },
      "Microsoft.UI.Xaml": {
        "type": "Direct",
        "requested": "[2.8.6-custom.231105a, )",
        "resolved": "2.8.6-custom.231105a",
        "contentHash": "sY+ge7xawtnzqBTa4wDCr/K6z2kGmtWElk1R7/Mf6hARXYrQPhsgJSq82hOYAUWOVQc53cr2E5aP0j6Xu9t/jQ==",
        "dependencies": {
          "Microsoft.Web.WebView2": "1.0.1264.42"
        }
      },
      "Microsoft.Web.WebView2": {
        "type": "Direct",
        "requested": "[1.0.2903.40, )",
        "resolved": "1.0.2903.40",
        "contentHash": "THrzYAnJgE3+cNH+9Epr44XjoZoRELdVpXlWGPs6K9C9G6TqyDfVCeVAR/Er8ljLitIUX5gaSkPsy9wRhD1sgQ=="
      },
      "TenMica": {
        "type": "Direct",
        "requested": "[1.0.0-beta, )",
        "resolved": "1.0.0-beta",
        "contentHash": "l0nZfss+pE9lmTSPslHof9fwglc6PGWeL+Ai8lclZLCJvAstKbN3WOHIaXg2m5YqaRScvQM6yQ/oR4lZK0xMUw==",
        "dependencies": {
          "Win2D.uwp": "1.27.0"
        }
      },
      "Caching.dll": {
        "type": "Transitive",
        "resolved": "2.0.0.1",
        "contentHash": "/fImQ2aVuUrAkEKgO72MdoBYkVoYvWDiNSGF9UJ7demJXuTNHpMnIqTh4ZCDHQccFSSRKzmDpndyl9owgxw7iA==",
        "dependencies": {
          "Microsoft.CSharp": "4.7.0"
        }
      },
      "CommunityToolkit.Common": {
        "type": "Transitive",
        "resolved": "8.2.1",
        "contentHash": "LWuhy8cQKJ/MYcy3XafJ916U3gPH/YDvYoNGWyQWN11aiEKCZszzPOTJAOvBjP9yG8vHmIcCyPUt4L82OK47Iw=="
      },
      "CommunityToolkit.Mvvm": {
        "type": "Transitive",
        "resolved": "8.3.2",
        "contentHash": "m8EolE1A0Updj68WTsZSGI6VWb6mUqHPh7QFo0kt7+JPhYMNXRS1ch8TS/oITAdcxTLrwMOp3ku1KjeG1/Zdpg==",
        "dependencies": {
          "Microsoft.Bcl.AsyncInterfaces": "8.0.0",
          "System.ComponentModel.Annotations": "5.0.0",
          "System.Memory": "4.5.5",
          "System.Runtime.CompilerServices.Unsafe": "6.0.0"
        }
      },
      "KeyedSemaphores": {
        "type": "Transitive",
        "resolved": "5.0.0",
        "contentHash": "LZ3+Ju53URaY8bgkrieBiTKxtOVXMCNQPkmU8pMkEa/3XYiB3e755tp7LqEkHt5ZlXTICFOloRcGhoAqf9MUBg==",
        "dependencies": {
          "Microsoft.Bcl.HashCode": "1.1.1",
          "System.Threading.Tasks.Extensions": "4.5.4"
        }
      },
      "Microsoft.Bcl.AsyncInterfaces": {
        "type": "Transitive",
        "resolved": "9.0.0",
        "contentHash": "owmu2Cr3IQ8yQiBleBHlGk8dSQ12oaF2e7TpzwJKEl4m84kkZJjEY1n33L67Y3zM5jPOjmmbdHjbfiL0RqcMRQ==",
        "dependencies": {
          "System.Threading.Tasks.Extensions": "4.5.4"
        }
      },
      "Microsoft.Bcl.HashCode": {
        "type": "Transitive",
        "resolved": "1.1.1",
        "contentHash": "MalY0Y/uM/LjXtHfX/26l2VtN4LDNZ2OE3aumNOHDLsT4fNYy2hiHXI4CXCqKpNUNm7iJ2brrc4J89UdaL56FA=="
      },
      "Microsoft.CSharp": {
        "type": "Transitive",
        "resolved": "4.7.0",
        "contentHash": "pTj+D3uJWyN3My70i2Hqo+OXixq3Os2D1nJ2x92FFo6sk8fYS1m1WLNTs0Dc1uPaViH0YvEEwvzddQ7y4rhXmA=="
      },
      "Microsoft.Extensions.Configuration": {
        "type": "Transitive",
        "resolved": "8.0.0",
        "contentHash": "0J/9YNXTMWSZP2p2+nvl8p71zpSwokZXZuJW+VjdErkegAnFdO1XlqtA62SJtgVYHdKu3uPxJHcMR/r35HwFBA==",
        "dependencies": {
          "Microsoft.Extensions.Configuration.Abstractions": "8.0.0",
          "Microsoft.Extensions.Primitives": "8.0.0"
        }
      },
      "Microsoft.Extensions.Configuration.Abstractions": {
        "type": "Transitive",
        "resolved": "8.0.0",
        "contentHash": "3lE/iLSutpgX1CC0NOW70FJoGARRHbyKmG7dc0klnUZ9Dd9hS6N/POPWhKhMLCEuNN5nXEY5agmlFtH562vqhQ==",
        "dependencies": {
          "Microsoft.Extensions.Primitives": "8.0.0"
        }
      },
      "Microsoft.Extensions.Configuration.Binder": {
        "type": "Transitive",
        "resolved": "8.0.2",
        "contentHash": "7IQhGK+wjyGrNsPBjJcZwWAr+Wf6D4+TwOptUt77bWtgNkiV8tDEbhFS+dDamtQFZ2X7kWG9m71iZQRj2x3zgQ==",
        "dependencies": {
          "Microsoft.Extensions.Configuration.Abstractions": "8.0.0"
        }
      },
      "Microsoft.Extensions.DependencyInjection": {
        "type": "Transitive",
        "resolved": "9.0.0",
        "contentHash": "MCPrg7v3QgNMr0vX4vzRXvkNGgLg8vKWX0nKCWUxu2uPyMsaRgiRc1tHBnbTcfJMhMKj2slE/j2M9oGkd25DNw==",
        "dependencies": {
          "Microsoft.Bcl.AsyncInterfaces": "9.0.0",
          "Microsoft.Extensions.DependencyInjection.Abstractions": "9.0.0",
          "System.Threading.Tasks.Extensions": "4.5.4"
        }
      },
      "Microsoft.Extensions.DependencyInjection.Abstractions": {
        "type": "Transitive",
        "resolved": "9.0.0",
        "contentHash": "+6f2qv2a3dLwd5w6JanPIPs47CxRbnk+ZocMJUhv9NxP88VlOcJYZs9jY+MYSjxvady08bUZn6qgiNh7DadGgg==",
        "dependencies": {
          "Microsoft.Bcl.AsyncInterfaces": "9.0.0",
          "System.Threading.Tasks.Extensions": "4.5.4"
        }
      },
      "Microsoft.Extensions.Logging": {
        "type": "Transitive",
        "resolved": "9.0.0",
        "contentHash": "crjWyORoug0kK7RSNJBTeSE6VX8IQgLf3nUpTB9m62bPXp/tzbnOsnbe8TXEG0AASNaKZddnpHKw7fET8E++Pg==",
        "dependencies": {
          "Microsoft.Bcl.AsyncInterfaces": "9.0.0",
          "Microsoft.Extensions.DependencyInjection": "9.0.0",
          "Microsoft.Extensions.Logging.Abstractions": "9.0.0",
          "Microsoft.Extensions.Options": "9.0.0",
          "System.Diagnostics.DiagnosticSource": "9.0.0"
        }
      },
      "Microsoft.Extensions.Logging.Abstractions": {
        "type": "Transitive",
        "resolved": "9.0.0",
        "contentHash": "g0UfujELzlLbHoVG8kPKVBaW470Ewi+jnptGS9KUi6jcb+k2StujtK3m26DFSGGwQ/+bVgZfsWqNzlP6YOejvw==",
        "dependencies": {
          "Microsoft.Extensions.DependencyInjection.Abstractions": "9.0.0",
          "System.Buffers": "4.5.1",
          "System.Diagnostics.DiagnosticSource": "9.0.0",
          "System.Memory": "4.5.5"
        }
      },
      "Microsoft.Extensions.Logging.Configuration": {
        "type": "Transitive",
        "resolved": "8.0.1",
        "contentHash": "QWwTrsgOnJMmn+XUslm8D2H1n3PkP/u/v52FODtyBc/k4W9r3i2vcXXeeX/upnzllJYRRbrzVzT0OclfNJtBJA==",
        "dependencies": {
          "Microsoft.Extensions.Configuration": "8.0.0",
          "Microsoft.Extensions.Configuration.Abstractions": "8.0.0",
          "Microsoft.Extensions.Configuration.Binder": "8.0.2",
          "Microsoft.Extensions.DependencyInjection.Abstractions": "8.0.2",
          "Microsoft.Extensions.Logging": "8.0.1",
          "Microsoft.Extensions.Logging.Abstractions": "8.0.2",
          "Microsoft.Extensions.Options": "8.0.2",
          "Microsoft.Extensions.Options.ConfigurationExtensions": "8.0.0"
        }
      },
      "Microsoft.Extensions.Options": {
        "type": "Transitive",
        "resolved": "9.0.0",
        "contentHash": "y2146b3jrPI3Q0lokKXdKLpmXqakYbDIPDV6r3M8SqvSf45WwOTzkyfDpxnZXJsJQEpAsAqjUq5Pu8RCJMjubg==",
        "dependencies": {
          "Microsoft.Extensions.DependencyInjection.Abstractions": "9.0.0",
          "Microsoft.Extensions.Primitives": "9.0.0",
          "System.ComponentModel.Annotations": "5.0.0"
        }
      },
      "Microsoft.Extensions.Options.ConfigurationExtensions": {
        "type": "Transitive",
        "resolved": "8.0.0",
        "contentHash": "0f4DMRqEd50zQh+UyJc+/HiBsZ3vhAQALgdkcQEalSH1L2isdC7Yj54M3cyo5e+BeO5fcBQ7Dxly8XiBBcvRgw==",
        "dependencies": {
          "Microsoft.Extensions.Configuration.Abstractions": "8.0.0",
          "Microsoft.Extensions.Configuration.Binder": "8.0.0",
          "Microsoft.Extensions.DependencyInjection.Abstractions": "8.0.0",
          "Microsoft.Extensions.Options": "8.0.0",
          "Microsoft.Extensions.Primitives": "8.0.0"
        }
      },
      "Microsoft.Extensions.Primitives": {
        "type": "Transitive",
        "resolved": "9.0.0",
        "contentHash": "N3qEBzmLMYiASUlKxxFIISP4AiwuPTHF5uCh+2CWSwwzAJiIYx0kBJsS30cp1nvhSySFAVi30jecD307jV+8Kg==",
        "dependencies": {
          "System.Memory": "4.5.5",
          "System.Runtime.CompilerServices.Unsafe": "6.0.0"
        }
      },
      "Microsoft.Net.Native.Compiler": {
        "type": "Transitive",
        "resolved": "2.2.12-rel-31116-00",
        "contentHash": "DuANSYEBO7qcIeqzI1mShJMweuQVBycbCRUW6mIb1QxorSiWLSWEJZNv/X7TdW3dcjfZdZFVsEWDCnJUolIPrQ==",
        "dependencies": {
          "runtime.win10-arm.Microsoft.Net.Native.Compiler": "2.2.12-rel-31116-00",
          "runtime.win10-arm64.Microsoft.Net.Native.Compiler": "2.2.12-rel-31116-00",
          "runtime.win10-x64.Microsoft.Net.Native.Compiler": "2.2.12-rel-31116-00",
          "runtime.win10-x86.Microsoft.Net.Native.Compiler": "2.2.12-rel-31116-00"
        }
      },
      "Microsoft.Net.UWPCoreRuntimeSdk": {
        "type": "Transitive",
        "resolved": "2.2.14",
        "contentHash": "THMsLyB29wqd9ZI9c05hoMb788QQ5ClsXwLjpt7omTk/OvtUERWgwD6q85s5aSMdze50uhPZDRF/+uju8Lqhgw==",
        "dependencies": {
          "runtime.win10-arm.Microsoft.Net.UWPCoreRuntimeSdk": "2.2.14",
          "runtime.win10-x64.Microsoft.Net.UWPCoreRuntimeSdk": "2.2.14",
          "runtime.win10-x86.Microsoft.Net.UWPCoreRuntimeSdk": "2.2.14"
        }
      },
      "Microsoft.NETCore.Platforms": {
        "type": "Transitive",
        "resolved": "2.1.0",
        "contentHash": "ok+RPAtESz/9MUXeIEz6Lv5XAGQsaNmEYXMsgVALj4D7kqC8gveKWXWXbufLySR2fWrwZf8smyN5RmHu0e4BHA=="
      },
      "Microsoft.Xaml.Behaviors.Uwp.Managed": {
        "type": "Transitive",
        "resolved": "2.0.1",
        "contentHash": "apwpIX7KU6//EzgbKmsoCPD2nLO8x+evVStxRr+Rjt8K1jw7ixuo8yHOSwpyt6K8MSLYONZP94cxC9Qbg8GIqQ=="
      },
      "NETStandard.Library": {
        "type": "Transitive",
        "resolved": "2.0.3",
        "contentHash": "st47PosZSHrjECdjeIzZQbzivYBJFv6P2nv4cj2ypdI204DO+vZ7l5raGMiX4eXMJ53RfOIg+/s4DHVZ54Nu2A==",
        "dependencies": {
          "Microsoft.NETCore.Platforms": "1.1.0"
        }
      },
      "NReco.Logging.File": {
        "type": "Transitive",
        "resolved": "1.2.2",
        "contentHash": "UyUIkyDiHi2HAJlmEWqeKN9/FxTF0DPNdyatzMDMTXvUpgvqBFneJ2qDtZkXRJNG8eR6jU+KsbGeMmChgUdRUg==",
        "dependencies": {
          "Microsoft.Extensions.Logging": "8.0.1",
          "Microsoft.Extensions.Logging.Configuration": "8.0.1",
          "Microsoft.Extensions.Options.ConfigurationExtensions": "8.0.0"
        }
      },
      "RestSharp": {
        "type": "Transitive",
        "resolved": "112.1.0",
        "contentHash": "bOUGNZqhhv/QeCXHTKEUil846yBjwWXpzPKjO67kFvaAOoF361z7jLY5BMnuZ6WD2WQRA750sNMcK7MSPCQ5Mg==",
        "dependencies": {
          "System.Text.Json": "8.0.4"
        }
      },
      "runtime.win10-arm.Microsoft.Net.Native.Compiler": {
        "type": "Transitive",
        "resolved": "2.2.12-rel-31116-00",
        "contentHash": "JAieAWjpAsAKq2OLgJpKHafrk1gxHTq0nSie1sEKAYjnlBhVIx17ypAX1NLhjMJZ3TkqhktOGm/2r0qTXBAqWg==",
        "dependencies": {
          "runtime.win10-arm.Microsoft.Net.Native.SharedLibrary": "2.2.8-rel-31116-00"
        }
      },
      "runtime.win10-arm.Microsoft.Net.Native.SharedLibrary": {
        "type": "Transitive",
        "resolved": "2.2.8-rel-31116-00",
        "contentHash": "bdNrkqMK7TUyqJjMJj9sXFpTtJg5+cKmGTPERymWldQ7/OxzoA1VGV4nFFRS4ciycxIqoA9amP0sr5SdTaSjDg=="
      },
      "runtime.win10-arm.Microsoft.Net.UWPCoreRuntimeSdk": {
        "type": "Transitive",
        "resolved": "2.2.14",
        "contentHash": "eEtdvL57LKF3/AKuSqk9bJeUaPm0rPMCs36halkQwyTsaykEwzaV634jxpsg9Oneru4DvFW1vlRISdiW2929jA=="
      },
      "runtime.win10-arm64.Microsoft.Net.Native.Compiler": {
        "type": "Transitive",
        "resolved": "2.2.12-rel-31116-00",
        "contentHash": "Rs9fywhVdnJTqegZnSXJ2v0w7oX3xyZ5P1+v9wNlm7mkSb+dEcxgXwrkqTJe9shmLUOOFz8Dm37LbtIPHNzR1A==",
        "dependencies": {
          "runtime.win10-arm64.Microsoft.Net.Native.SharedLibrary": "2.2.8-rel-31116-00"
        }
      },
      "runtime.win10-arm64.Microsoft.Net.Native.SharedLibrary": {
        "type": "Transitive",
        "resolved": "2.2.8-rel-31116-00",
        "contentHash": "mNZPhhxOKUQSgYuBDezHPYFMwP9LYDmVEEHl7bTVAPbfcnxPHdSv6WwJglYlwQRQh+3NSgYRW4WcTxpETkD0AA=="
      },
      "runtime.win10-x64.Microsoft.Net.Native.Compiler": {
        "type": "Transitive",
        "resolved": "2.2.12-rel-31116-00",
        "contentHash": "dAJj40m9Tm6AQ/P7iQxuEN8sVvj6v9TDyulcP7ayvp+FkpR8VyGZWJMSxaMEjr1qVeMRuMCv1JV5DLMCWZvisg==",
        "dependencies": {
          "runtime.win10-x64.Microsoft.Net.Native.SharedLibrary": "2.2.8-rel-31116-00"
        }
      },
      "runtime.win10-x64.Microsoft.Net.Native.SharedLibrary": {
        "type": "Transitive",
        "resolved": "2.2.8-rel-31116-00",
        "contentHash": "kXqhwE+XmgRn9Z1QWkGfIcDKg/pCLJcbRL5w8NWT6jliAx81sjHzquDut3ljPwOC856AUI2WMnBopu0Bf/m4BQ=="
      },
      "runtime.win10-x64.Microsoft.Net.UWPCoreRuntimeSdk": {
        "type": "Transitive",
        "resolved": "2.2.14",
        "contentHash": "a/ONxs2DxZcBnlDo7LDtH4t6imrEuSbf9KxWWBUCP+yCquVFyqtWAt2Z4hiT++yOIz2OMZT9Hmv1VzrgecpQkQ=="
      },
      "runtime.win10-x86.Microsoft.Net.Native.Compiler": {
        "type": "Transitive",
        "resolved": "2.2.12-rel-31116-00",
        "contentHash": "9T8n/l5Ny4rOlL4yGs81wy4AzypMhUgrrtPBqlv46QbKWhHf44EpFKfI6JU+MkJbSh7mZYywBEfmivT0v6gnNA==",
        "dependencies": {
          "runtime.win10-x86.Microsoft.Net.Native.SharedLibrary": "2.2.8-rel-31116-00"
        }
      },
      "runtime.win10-x86.Microsoft.Net.Native.SharedLibrary": {
        "type": "Transitive",
        "resolved": "2.2.8-rel-31116-00",
        "contentHash": "5RGA27cl3z0lf9zsctLBjW2GQoGYeBrg8pesqWLQnb1Ch8q8IZ6pyOwWFUsnXGuYW59OyCfoQGzHFq5Q/73EiQ=="
      },
      "runtime.win10-x86.Microsoft.Net.UWPCoreRuntimeSdk": {
        "type": "Transitive",
        "resolved": "2.2.14",
        "contentHash": "V/hZioMMAwoKZFmfq/SuMA/mfoNFu4+Aedwdld/tpL8ZheehFab0RlAR3pgsPgOWOU+GjyePNIgyUXM5J/Y3Ig=="
      },
      "Sentry": {
        "type": "Transitive",
        "resolved": "4.13.0",
        "contentHash": "Wfw3M1WpFcrYaGzPm7QyUTfIOYkVXQ1ry6p4WYjhbLz9fPwV23SGQZTFDpdox67NHM0V0g1aoQ4YKLm4ANtEEg==",
        "dependencies": {
          "System.Reflection.Metadata": "5.0.0",
          "System.Text.Json": "6.0.10"
        }
      },
      "SixLabors.ImageSharp": {
        "type": "Transitive",
        "resolved": "2.1.9",
        "contentHash": "VcjfKbOExie3RgZGrQL1jJMI4iZ3J9B6ifDo2QpDVJUYhTZKVcKnBhpNOHqbvNjHgadAks1jzhRjB7OZet1PJA==",
        "dependencies": {
          "System.Buffers": "4.5.1",
          "System.Memory": "4.5.4",
          "System.Numerics.Vectors": "4.5.0",
          "System.Runtime.CompilerServices.Unsafe": "5.0.0",
          "System.Text.Encoding.CodePages": "5.0.0"
        }
      },
      "System.Buffers": {
        "type": "Transitive",
        "resolved": "4.6.0",
        "contentHash": "lN6tZi7Q46zFzAbRYXTIvfXcyvQQgxnY7Xm6C6xQ9784dEL1amjM6S6Iw4ZpsvesAKnRVsM4scrDQaDqSClkjA=="
      },
      "System.Collections.Immutable": {
        "type": "Transitive",
        "resolved": "5.0.0",
        "contentHash": "FXkLXiK0sVVewcso0imKQoOxjoPAj42R8HtjjbSjVPAzwDfzoyoznWxgA3c38LDbN9SJux1xXoXYAhz98j7r2g==",
        "dependencies": {
          "System.Memory": "4.5.4"
        }
      },
      "System.ComponentModel.Annotations": {
        "type": "Transitive",
        "resolved": "5.0.0",
        "contentHash": "dMkqfy2el8A8/I76n2Hi1oBFEbG1SfxD2l5nhwXV3XjlnOmwxJlQbYpJH4W51odnU9sARCSAgv7S3CyAFMkpYg=="
      },
      "System.Diagnostics.DiagnosticSource": {
        "type": "Transitive",
        "resolved": "9.0.0",
        "contentHash": "ddppcFpnbohLWdYKr/ZeLZHmmI+DXFgZ3Snq+/E7SwcdW4UnvxmaugkwGywvGVWkHPGCSZjCP+MLzu23AL5SDw==",
        "dependencies": {
          "System.Memory": "4.5.5",
          "System.Runtime.CompilerServices.Unsafe": "6.0.0"
        }
      },
      "System.IO.Pipelines": {
        "type": "Transitive",
        "resolved": "9.0.0",
        "contentHash": "eA3cinogwaNB4jdjQHOP3Z3EuyiDII7MT35jgtnsA4vkn0LUrrSHsU0nzHTzFzmaFYeKV7MYyMxOocFzsBHpTw==",
        "dependencies": {
          "System.Buffers": "4.5.1",
          "System.Memory": "4.5.5",
          "System.Threading.Tasks.Extensions": "4.5.4"
        }
      },
      "System.Memory": {
        "type": "Transitive",
        "resolved": "4.6.0",
        "contentHash": "OEkbBQoklHngJ8UD8ez2AERSk2g+/qpAaSWWCBFbpH727HxDq5ydVkuncBaKcKfwRqXGWx64dS6G1SUScMsitg==",
        "dependencies": {
          "System.Buffers": "4.6.0",
          "System.Numerics.Vectors": "4.6.0",
          "System.Runtime.CompilerServices.Unsafe": "6.1.0"
        }
      },
      "System.Numerics.Vectors": {
        "type": "Transitive",
        "resolved": "4.6.0",
        "contentHash": "t+SoieZsRuEyiw/J+qXUbolyO219tKQQI0+2/YI+Qv7YdGValA6WiuokrNKqjrTNsy5ABWU11bdKOzUdheteXg=="
      },
      "System.Reflection.Metadata": {
        "type": "Transitive",
        "resolved": "5.0.0",
        "contentHash": "5NecZgXktdGg34rh1OenY1rFNDCI8xSjFr+Z4OU4cU06AQHUdRnIIEeWENu3Wl4YowbzkymAIMvi3WyK9U53pQ==",
        "dependencies": {
          "System.Collections.Immutable": "5.0.0"
        }
      },
      "System.Runtime.CompilerServices.Unsafe": {
        "type": "Transitive",
        "resolved": "6.1.0",
        "contentHash": "5o/HZxx6RVqYlhKSq8/zronDkALJZUT2Vz0hx43f0gwe8mwlM0y2nYlqdBwLMzr262Bwvpikeb/yEwkAa5PADg=="
      },
      "System.Text.Encoding.CodePages": {
        "type": "Transitive",
        "resolved": "5.0.0",
        "contentHash": "NyscU59xX6Uo91qvhOs2Ccho3AR2TnZPomo1Z0K6YpyztBPM/A5VbkzOO19sy3A3i1TtEnTxA7bCe3Us+r5MWg==",
        "dependencies": {
          "System.Runtime.CompilerServices.Unsafe": "5.0.0"
        }
      },
      "System.Text.Encodings.Web": {
        "type": "Transitive",
        "resolved": "9.0.0",
        "contentHash": "e2hMgAErLbKyUUwt18qSBf9T5Y+SFAL3ZedM8fLupkVj8Rj2PZ9oxQ37XX2LF8fTO1wNIxvKpihD7Of7D/NxZw==",
        "dependencies": {
          "System.Buffers": "4.5.1",
          "System.Memory": "4.5.5",
          "System.Runtime.CompilerServices.Unsafe": "6.0.0"
        }
      },
      "System.Text.Json": {
        "type": "Transitive",
        "resolved": "9.0.0",
        "contentHash": "js7+qAu/9mQvnhA4EfGMZNEzXtJCDxgkgj8ohuxq/Qxv+R56G+ljefhiJHOxTNiw54q8vmABCWUwkMulNdlZ4A==",
        "dependencies": {
          "Microsoft.Bcl.AsyncInterfaces": "9.0.0",
          "System.Buffers": "4.5.1",
          "System.IO.Pipelines": "9.0.0",
          "System.Memory": "4.5.5",
          "System.Runtime.CompilerServices.Unsafe": "6.0.0",
          "System.Text.Encodings.Web": "9.0.0",
          "System.Threading.Tasks.Extensions": "4.5.4"
        }
      },
      "System.Threading.Tasks.Extensions": {
        "type": "Transitive",
        "resolved": "4.5.4",
        "contentHash": "zteT+G8xuGu6mS+mzDzYXbzS7rd3K6Fjb9RiZlYlJPam2/hU7JCBZBVEcywNuR+oZ1ncTvc/cq0faRr3P01OVg==",
        "dependencies": {
          "System.Runtime.CompilerServices.Unsafe": "4.5.3"
        }
      },
      "Win2D.uwp": {
        "type": "Transitive",
        "resolved": "1.27.0",
        "contentHash": "Tzg5HHGg62ZLxYIAOFyMnQxjDjvU9myPHFowE196bsqA5Dr5tezFjFpc8+YPOmRDwXLqn+ODVdm5CskIezOfDg=="
      },
      "lrreader.shared": {
        "type": "Project",
        "dependencies": {
          "Caching.dll": "[2.0.0.1, )",
          "CommunityToolkit.Mvvm": "[8.3.2, )",
          "KeyedSemaphores": "[5.0.0, )",
          "Microsoft.Extensions.DependencyInjection": "[9.0.0, )",
          "Microsoft.Extensions.Logging": "[9.0.0, )",
          "NReco.Logging.File": "[1.2.2, )",
          "RestSharp": "[112.1.0, )",
          "Sentry": "[4.13.0, )",
          "SixLabors.ImageSharp": "[2.1.9, )",
          "System.Text.Json": "[9.0.0, )"
        }
      }
    },
    "UAP,Version=v10.0.17763/win10-arm": {
      "JxlNet": {
        "type": "Direct",
        "requested": "[0.11.1, )",
        "resolved": "0.11.1",
        "contentHash": "DpCIMSO4QCkqoThXnN3TfylLmlb4+ALRdUA+hwdb18y5UZl1+R8vKCO9iCLQYZ6md2vudJph6gW3GVFKZSysQw==",
        "dependencies": {
          "System.Memory": "4.6.0"
        }
      },
      "Microsoft.NETCore.UniversalWindowsPlatform": {
        "type": "Direct",
        "requested": "[6.2.14, )",
        "resolved": "6.2.14",
        "contentHash": "7Mi4cS8JQ7gqm+W+SRCq13c2Rr0yZTuczC9EbV6gRigE2ZhQalnLHyat0ZshT5HDMSkFDxTyjwZymUgFuv3+eg==",
        "dependencies": {
          "Microsoft.NETCore.Platforms": "2.1.0",
          "Microsoft.Net.Native.Compiler": "2.2.12-rel-31116-00",
          "Microsoft.Net.UWPCoreRuntimeSdk": "2.2.14",
          "NETStandard.Library": "2.0.3",
          "runtime.win10-arm.Microsoft.NETCore.UniversalWindowsPlatform": "6.2.14"
        }
      },
      "Microsoft.UI.Xaml": {
        "type": "Direct",
        "requested": "[2.8.6-custom.231105a, )",
        "resolved": "2.8.6-custom.231105a",
        "contentHash": "sY+ge7xawtnzqBTa4wDCr/K6z2kGmtWElk1R7/Mf6hARXYrQPhsgJSq82hOYAUWOVQc53cr2E5aP0j6Xu9t/jQ==",
        "dependencies": {
          "Microsoft.Web.WebView2": "1.0.1264.42"
        }
      },
      "Microsoft.Web.WebView2": {
        "type": "Direct",
        "requested": "[1.0.2903.40, )",
        "resolved": "1.0.2903.40",
        "contentHash": "THrzYAnJgE3+cNH+9Epr44XjoZoRELdVpXlWGPs6K9C9G6TqyDfVCeVAR/Er8ljLitIUX5gaSkPsy9wRhD1sgQ=="
      },
      "TenMica": {
        "type": "Direct",
        "requested": "[1.0.0-beta, )",
        "resolved": "1.0.0-beta",
        "contentHash": "l0nZfss+pE9lmTSPslHof9fwglc6PGWeL+Ai8lclZLCJvAstKbN3WOHIaXg2m5YqaRScvQM6yQ/oR4lZK0xMUw==",
        "dependencies": {
          "Win2D.uwp": "1.27.0"
        }
      },
      "runtime.win10-arm.Microsoft.NETCore.UniversalWindowsPlatform": {
        "type": "Transitive",
        "resolved": "6.2.14",
        "contentHash": "TKCMvB+6izAQSl7kWimKU2W9iN7gXSMc1Lah3dpY+/PuUjAfSNvfv2HW/mK3TdmjW631/4S9wWYmplLh6ao91w=="
      },
      "System.Text.Encoding.CodePages": {
        "type": "Transitive",
        "resolved": "5.0.0",
        "contentHash": "NyscU59xX6Uo91qvhOs2Ccho3AR2TnZPomo1Z0K6YpyztBPM/A5VbkzOO19sy3A3i1TtEnTxA7bCe3Us+r5MWg==",
        "dependencies": {
          "System.Runtime.CompilerServices.Unsafe": "5.0.0"
        }
      },
      "Win2D.uwp": {
        "type": "Transitive",
        "resolved": "1.27.0",
        "contentHash": "Tzg5HHGg62ZLxYIAOFyMnQxjDjvU9myPHFowE196bsqA5Dr5tezFjFpc8+YPOmRDwXLqn+ODVdm5CskIezOfDg=="
      }
    },
    "UAP,Version=v10.0.17763/win10-arm-aot": {
      "JxlNet": {
        "type": "Direct",
        "requested": "[0.11.1, )",
        "resolved": "0.11.1",
        "contentHash": "DpCIMSO4QCkqoThXnN3TfylLmlb4+ALRdUA+hwdb18y5UZl1+R8vKCO9iCLQYZ6md2vudJph6gW3GVFKZSysQw==",
        "dependencies": {
          "System.Memory": "4.6.0"
        }
      },
      "Microsoft.NETCore.UniversalWindowsPlatform": {
        "type": "Direct",
        "requested": "[6.2.14, )",
        "resolved": "6.2.14",
        "contentHash": "7Mi4cS8JQ7gqm+W+SRCq13c2Rr0yZTuczC9EbV6gRigE2ZhQalnLHyat0ZshT5HDMSkFDxTyjwZymUgFuv3+eg==",
        "dependencies": {
          "Microsoft.NETCore.Platforms": "2.1.0",
          "Microsoft.Net.Native.Compiler": "2.2.12-rel-31116-00",
          "Microsoft.Net.UWPCoreRuntimeSdk": "2.2.14",
          "NETStandard.Library": "2.0.3",
          "runtime.win10-arm-aot.Microsoft.NETCore.UniversalWindowsPlatform": "6.2.14"
        }
      },
      "Microsoft.UI.Xaml": {
        "type": "Direct",
        "requested": "[2.8.6-custom.231105a, )",
        "resolved": "2.8.6-custom.231105a",
        "contentHash": "sY+ge7xawtnzqBTa4wDCr/K6z2kGmtWElk1R7/Mf6hARXYrQPhsgJSq82hOYAUWOVQc53cr2E5aP0j6Xu9t/jQ==",
        "dependencies": {
          "Microsoft.Web.WebView2": "1.0.1264.42"
        }
      },
      "Microsoft.Web.WebView2": {
        "type": "Direct",
        "requested": "[1.0.2903.40, )",
        "resolved": "1.0.2903.40",
        "contentHash": "THrzYAnJgE3+cNH+9Epr44XjoZoRELdVpXlWGPs6K9C9G6TqyDfVCeVAR/Er8ljLitIUX5gaSkPsy9wRhD1sgQ=="
      },
      "TenMica": {
        "type": "Direct",
        "requested": "[1.0.0-beta, )",
        "resolved": "1.0.0-beta",
        "contentHash": "l0nZfss+pE9lmTSPslHof9fwglc6PGWeL+Ai8lclZLCJvAstKbN3WOHIaXg2m5YqaRScvQM6yQ/oR4lZK0xMUw==",
        "dependencies": {
          "Win2D.uwp": "1.27.0"
        }
      },
      "runtime.win10-arm-aot.Microsoft.NETCore.UniversalWindowsPlatform": {
        "type": "Transitive",
        "resolved": "6.2.14",
        "contentHash": "4/GjCV7KtJz7is13eUXxIj4AHn8WTqmQ1u6wx7J4piJYkwViMVz0sGvzwXDt5oSSTvVdsDpa/EQUUBtFyGnmbg=="
      },
      "System.Text.Encoding.CodePages": {
        "type": "Transitive",
        "resolved": "5.0.0",
        "contentHash": "NyscU59xX6Uo91qvhOs2Ccho3AR2TnZPomo1Z0K6YpyztBPM/A5VbkzOO19sy3A3i1TtEnTxA7bCe3Us+r5MWg==",
        "dependencies": {
          "System.Runtime.CompilerServices.Unsafe": "5.0.0"
        }
      },
      "Win2D.uwp": {
        "type": "Transitive",
        "resolved": "1.27.0",
        "contentHash": "Tzg5HHGg62ZLxYIAOFyMnQxjDjvU9myPHFowE196bsqA5Dr5tezFjFpc8+YPOmRDwXLqn+ODVdm5CskIezOfDg=="
      }
    },
    "UAP,Version=v10.0.17763/win10-arm64-aot": {
      "JxlNet": {
        "type": "Direct",
        "requested": "[0.11.1, )",
        "resolved": "0.11.1",
        "contentHash": "DpCIMSO4QCkqoThXnN3TfylLmlb4+ALRdUA+hwdb18y5UZl1+R8vKCO9iCLQYZ6md2vudJph6gW3GVFKZSysQw==",
        "dependencies": {
          "System.Memory": "4.6.0"
        }
      },
      "Microsoft.NETCore.UniversalWindowsPlatform": {
        "type": "Direct",
        "requested": "[6.2.14, )",
        "resolved": "6.2.14",
        "contentHash": "7Mi4cS8JQ7gqm+W+SRCq13c2Rr0yZTuczC9EbV6gRigE2ZhQalnLHyat0ZshT5HDMSkFDxTyjwZymUgFuv3+eg==",
        "dependencies": {
          "Microsoft.NETCore.Platforms": "2.1.0",
          "Microsoft.Net.Native.Compiler": "2.2.12-rel-31116-00",
          "Microsoft.Net.UWPCoreRuntimeSdk": "2.2.14",
          "NETStandard.Library": "2.0.3",
          "runtime.win10-arm64-aot.Microsoft.NETCore.UniversalWindowsPlatform": "6.2.14"
        }
      },
      "Microsoft.UI.Xaml": {
        "type": "Direct",
        "requested": "[2.8.6-custom.231105a, )",
        "resolved": "2.8.6-custom.231105a",
        "contentHash": "sY+ge7xawtnzqBTa4wDCr/K6z2kGmtWElk1R7/Mf6hARXYrQPhsgJSq82hOYAUWOVQc53cr2E5aP0j6Xu9t/jQ==",
        "dependencies": {
          "Microsoft.Web.WebView2": "1.0.1264.42"
        }
      },
      "Microsoft.Web.WebView2": {
        "type": "Direct",
        "requested": "[1.0.2903.40, )",
        "resolved": "1.0.2903.40",
        "contentHash": "THrzYAnJgE3+cNH+9Epr44XjoZoRELdVpXlWGPs6K9C9G6TqyDfVCeVAR/Er8ljLitIUX5gaSkPsy9wRhD1sgQ=="
      },
      "TenMica": {
        "type": "Direct",
        "requested": "[1.0.0-beta, )",
        "resolved": "1.0.0-beta",
        "contentHash": "l0nZfss+pE9lmTSPslHof9fwglc6PGWeL+Ai8lclZLCJvAstKbN3WOHIaXg2m5YqaRScvQM6yQ/oR4lZK0xMUw==",
        "dependencies": {
          "Win2D.uwp": "1.27.0"
        }
      },
      "runtime.win10-arm64-aot.Microsoft.NETCore.UniversalWindowsPlatform": {
        "type": "Transitive",
        "resolved": "6.2.14",
        "contentHash": "8QVHVgSh8G9BgNUPaMllx5f8iEM45a52eCooJAQH1Xq+MfnvVXcmpOVmMRLxwY2dRU77ZoiGRCyeAKwqFcnEYQ=="
      },
      "System.Text.Encoding.CodePages": {
        "type": "Transitive",
        "resolved": "5.0.0",
        "contentHash": "NyscU59xX6Uo91qvhOs2Ccho3AR2TnZPomo1Z0K6YpyztBPM/A5VbkzOO19sy3A3i1TtEnTxA7bCe3Us+r5MWg==",
        "dependencies": {
          "System.Runtime.CompilerServices.Unsafe": "5.0.0"
        }
      },
      "Win2D.uwp": {
        "type": "Transitive",
        "resolved": "1.27.0",
        "contentHash": "Tzg5HHGg62ZLxYIAOFyMnQxjDjvU9myPHFowE196bsqA5Dr5tezFjFpc8+YPOmRDwXLqn+ODVdm5CskIezOfDg=="
      }
    },
    "UAP,Version=v10.0.17763/win10-x64": {
      "JxlNet": {
        "type": "Direct",
        "requested": "[0.11.1, )",
        "resolved": "0.11.1",
        "contentHash": "DpCIMSO4QCkqoThXnN3TfylLmlb4+ALRdUA+hwdb18y5UZl1+R8vKCO9iCLQYZ6md2vudJph6gW3GVFKZSysQw==",
        "dependencies": {
          "System.Memory": "4.6.0"
        }
      },
      "Microsoft.NETCore.UniversalWindowsPlatform": {
        "type": "Direct",
        "requested": "[6.2.14, )",
        "resolved": "6.2.14",
        "contentHash": "7Mi4cS8JQ7gqm+W+SRCq13c2Rr0yZTuczC9EbV6gRigE2ZhQalnLHyat0ZshT5HDMSkFDxTyjwZymUgFuv3+eg==",
        "dependencies": {
          "Microsoft.NETCore.Platforms": "2.1.0",
          "Microsoft.Net.Native.Compiler": "2.2.12-rel-31116-00",
          "Microsoft.Net.UWPCoreRuntimeSdk": "2.2.14",
          "NETStandard.Library": "2.0.3",
          "runtime.win10-x64.Microsoft.NETCore.UniversalWindowsPlatform": "6.2.14"
        }
      },
      "Microsoft.UI.Xaml": {
        "type": "Direct",
        "requested": "[2.8.6-custom.231105a, )",
        "resolved": "2.8.6-custom.231105a",
        "contentHash": "sY+ge7xawtnzqBTa4wDCr/K6z2kGmtWElk1R7/Mf6hARXYrQPhsgJSq82hOYAUWOVQc53cr2E5aP0j6Xu9t/jQ==",
        "dependencies": {
          "Microsoft.Web.WebView2": "1.0.1264.42"
        }
      },
      "Microsoft.Web.WebView2": {
        "type": "Direct",
        "requested": "[1.0.2903.40, )",
        "resolved": "1.0.2903.40",
        "contentHash": "THrzYAnJgE3+cNH+9Epr44XjoZoRELdVpXlWGPs6K9C9G6TqyDfVCeVAR/Er8ljLitIUX5gaSkPsy9wRhD1sgQ=="
      },
      "TenMica": {
        "type": "Direct",
        "requested": "[1.0.0-beta, )",
        "resolved": "1.0.0-beta",
        "contentHash": "l0nZfss+pE9lmTSPslHof9fwglc6PGWeL+Ai8lclZLCJvAstKbN3WOHIaXg2m5YqaRScvQM6yQ/oR4lZK0xMUw==",
        "dependencies": {
          "Win2D.uwp": "1.27.0"
        }
      },
      "runtime.win10-x64.Microsoft.NETCore.UniversalWindowsPlatform": {
        "type": "Transitive",
        "resolved": "6.2.14",
        "contentHash": "SPmQotZQ5ty+UkHMm76k/0DJpZ663qwXvLjVw/LrNmaIQHa+g+6TjKNAyR0ondKnwqu5oT79RJ2Tk8A0JQqBPQ=="
      },
      "System.Text.Encoding.CodePages": {
        "type": "Transitive",
        "resolved": "5.0.0",
        "contentHash": "NyscU59xX6Uo91qvhOs2Ccho3AR2TnZPomo1Z0K6YpyztBPM/A5VbkzOO19sy3A3i1TtEnTxA7bCe3Us+r5MWg==",
        "dependencies": {
          "System.Runtime.CompilerServices.Unsafe": "5.0.0"
        }
      },
      "Win2D.uwp": {
        "type": "Transitive",
        "resolved": "1.27.0",
        "contentHash": "Tzg5HHGg62ZLxYIAOFyMnQxjDjvU9myPHFowE196bsqA5Dr5tezFjFpc8+YPOmRDwXLqn+ODVdm5CskIezOfDg=="
      }
    },
    "UAP,Version=v10.0.17763/win10-x64-aot": {
      "JxlNet": {
        "type": "Direct",
        "requested": "[0.11.1, )",
        "resolved": "0.11.1",
        "contentHash": "DpCIMSO4QCkqoThXnN3TfylLmlb4+ALRdUA+hwdb18y5UZl1+R8vKCO9iCLQYZ6md2vudJph6gW3GVFKZSysQw==",
        "dependencies": {
          "System.Memory": "4.6.0"
        }
      },
      "Microsoft.NETCore.UniversalWindowsPlatform": {
        "type": "Direct",
        "requested": "[6.2.14, )",
        "resolved": "6.2.14",
        "contentHash": "7Mi4cS8JQ7gqm+W+SRCq13c2Rr0yZTuczC9EbV6gRigE2ZhQalnLHyat0ZshT5HDMSkFDxTyjwZymUgFuv3+eg==",
        "dependencies": {
          "Microsoft.NETCore.Platforms": "2.1.0",
          "Microsoft.Net.Native.Compiler": "2.2.12-rel-31116-00",
          "Microsoft.Net.UWPCoreRuntimeSdk": "2.2.14",
          "NETStandard.Library": "2.0.3",
          "runtime.win10-x64-aot.Microsoft.NETCore.UniversalWindowsPlatform": "6.2.14"
        }
      },
      "Microsoft.UI.Xaml": {
        "type": "Direct",
        "requested": "[2.8.6-custom.231105a, )",
        "resolved": "2.8.6-custom.231105a",
        "contentHash": "sY+ge7xawtnzqBTa4wDCr/K6z2kGmtWElk1R7/Mf6hARXYrQPhsgJSq82hOYAUWOVQc53cr2E5aP0j6Xu9t/jQ==",
        "dependencies": {
          "Microsoft.Web.WebView2": "1.0.1264.42"
        }
      },
      "Microsoft.Web.WebView2": {
        "type": "Direct",
        "requested": "[1.0.2903.40, )",
        "resolved": "1.0.2903.40",
        "contentHash": "THrzYAnJgE3+cNH+9Epr44XjoZoRELdVpXlWGPs6K9C9G6TqyDfVCeVAR/Er8ljLitIUX5gaSkPsy9wRhD1sgQ=="
      },
      "TenMica": {
        "type": "Direct",
        "requested": "[1.0.0-beta, )",
        "resolved": "1.0.0-beta",
        "contentHash": "l0nZfss+pE9lmTSPslHof9fwglc6PGWeL+Ai8lclZLCJvAstKbN3WOHIaXg2m5YqaRScvQM6yQ/oR4lZK0xMUw==",
        "dependencies": {
          "Win2D.uwp": "1.27.0"
        }
      },
      "runtime.win10-x64-aot.Microsoft.NETCore.UniversalWindowsPlatform": {
        "type": "Transitive",
        "resolved": "6.2.14",
        "contentHash": "2SPw1ay04TYxrnMs2hxP86j3daB59cnQ8aNPXUcKyon+RA1MN99mWg8V93WDxD82ZDR+citKcM3dxS4oEtDI4g=="
      },
      "System.Text.Encoding.CodePages": {
        "type": "Transitive",
        "resolved": "5.0.0",
        "contentHash": "NyscU59xX6Uo91qvhOs2Ccho3AR2TnZPomo1Z0K6YpyztBPM/A5VbkzOO19sy3A3i1TtEnTxA7bCe3Us+r5MWg==",
        "dependencies": {
          "System.Runtime.CompilerServices.Unsafe": "5.0.0"
        }
      },
      "Win2D.uwp": {
        "type": "Transitive",
        "resolved": "1.27.0",
        "contentHash": "Tzg5HHGg62ZLxYIAOFyMnQxjDjvU9myPHFowE196bsqA5Dr5tezFjFpc8+YPOmRDwXLqn+ODVdm5CskIezOfDg=="
      }
    },
    "UAP,Version=v10.0.17763/win10-x86": {
      "JxlNet": {
        "type": "Direct",
        "requested": "[0.11.1, )",
        "resolved": "0.11.1",
        "contentHash": "DpCIMSO4QCkqoThXnN3TfylLmlb4+ALRdUA+hwdb18y5UZl1+R8vKCO9iCLQYZ6md2vudJph6gW3GVFKZSysQw==",
        "dependencies": {
          "System.Memory": "4.6.0"
        }
      },
      "Microsoft.NETCore.UniversalWindowsPlatform": {
        "type": "Direct",
        "requested": "[6.2.14, )",
        "resolved": "6.2.14",
        "contentHash": "7Mi4cS8JQ7gqm+W+SRCq13c2Rr0yZTuczC9EbV6gRigE2ZhQalnLHyat0ZshT5HDMSkFDxTyjwZymUgFuv3+eg==",
        "dependencies": {
          "Microsoft.NETCore.Platforms": "2.1.0",
          "Microsoft.Net.Native.Compiler": "2.2.12-rel-31116-00",
          "Microsoft.Net.UWPCoreRuntimeSdk": "2.2.14",
          "NETStandard.Library": "2.0.3",
          "runtime.win10-x86.Microsoft.NETCore.UniversalWindowsPlatform": "6.2.14"
        }
      },
      "Microsoft.UI.Xaml": {
        "type": "Direct",
        "requested": "[2.8.6-custom.231105a, )",
        "resolved": "2.8.6-custom.231105a",
        "contentHash": "sY+ge7xawtnzqBTa4wDCr/K6z2kGmtWElk1R7/Mf6hARXYrQPhsgJSq82hOYAUWOVQc53cr2E5aP0j6Xu9t/jQ==",
        "dependencies": {
          "Microsoft.Web.WebView2": "1.0.1264.42"
        }
      },
      "Microsoft.Web.WebView2": {
        "type": "Direct",
        "requested": "[1.0.2903.40, )",
        "resolved": "1.0.2903.40",
        "contentHash": "THrzYAnJgE3+cNH+9Epr44XjoZoRELdVpXlWGPs6K9C9G6TqyDfVCeVAR/Er8ljLitIUX5gaSkPsy9wRhD1sgQ=="
      },
      "TenMica": {
        "type": "Direct",
        "requested": "[1.0.0-beta, )",
        "resolved": "1.0.0-beta",
        "contentHash": "l0nZfss+pE9lmTSPslHof9fwglc6PGWeL+Ai8lclZLCJvAstKbN3WOHIaXg2m5YqaRScvQM6yQ/oR4lZK0xMUw==",
        "dependencies": {
          "Win2D.uwp": "1.27.0"
        }
      },
      "runtime.win10-x86.Microsoft.NETCore.UniversalWindowsPlatform": {
        "type": "Transitive",
        "resolved": "6.2.14",
        "contentHash": "twbdvWFcy0wRd/jiZWeiS6Edui76XwmRLHXLJ3uFpBsimu7XOTLJBMycG11MxdcAjFMa3LnPUkTgiI63wM1b+w=="
      },
      "System.Text.Encoding.CodePages": {
        "type": "Transitive",
        "resolved": "5.0.0",
        "contentHash": "NyscU59xX6Uo91qvhOs2Ccho3AR2TnZPomo1Z0K6YpyztBPM/A5VbkzOO19sy3A3i1TtEnTxA7bCe3Us+r5MWg==",
        "dependencies": {
          "System.Runtime.CompilerServices.Unsafe": "5.0.0"
        }
      },
      "Win2D.uwp": {
        "type": "Transitive",
        "resolved": "1.27.0",
        "contentHash": "Tzg5HHGg62ZLxYIAOFyMnQxjDjvU9myPHFowE196bsqA5Dr5tezFjFpc8+YPOmRDwXLqn+ODVdm5CskIezOfDg=="
      }
    },
    "UAP,Version=v10.0.17763/win10-x86-aot": {
      "JxlNet": {
        "type": "Direct",
        "requested": "[0.11.1, )",
        "resolved": "0.11.1",
        "contentHash": "DpCIMSO4QCkqoThXnN3TfylLmlb4+ALRdUA+hwdb18y5UZl1+R8vKCO9iCLQYZ6md2vudJph6gW3GVFKZSysQw==",
        "dependencies": {
          "System.Memory": "4.6.0"
        }
      },
      "Microsoft.NETCore.UniversalWindowsPlatform": {
        "type": "Direct",
        "requested": "[6.2.14, )",
        "resolved": "6.2.14",
        "contentHash": "7Mi4cS8JQ7gqm+W+SRCq13c2Rr0yZTuczC9EbV6gRigE2ZhQalnLHyat0ZshT5HDMSkFDxTyjwZymUgFuv3+eg==",
        "dependencies": {
          "Microsoft.NETCore.Platforms": "2.1.0",
          "Microsoft.Net.Native.Compiler": "2.2.12-rel-31116-00",
          "Microsoft.Net.UWPCoreRuntimeSdk": "2.2.14",
          "NETStandard.Library": "2.0.3",
          "runtime.win10-x86-aot.Microsoft.NETCore.UniversalWindowsPlatform": "6.2.14"
        }
      },
      "Microsoft.UI.Xaml": {
        "type": "Direct",
        "requested": "[2.8.6-custom.231105a, )",
        "resolved": "2.8.6-custom.231105a",
        "contentHash": "sY+ge7xawtnzqBTa4wDCr/K6z2kGmtWElk1R7/Mf6hARXYrQPhsgJSq82hOYAUWOVQc53cr2E5aP0j6Xu9t/jQ==",
        "dependencies": {
          "Microsoft.Web.WebView2": "1.0.1264.42"
        }
      },
      "Microsoft.Web.WebView2": {
        "type": "Direct",
        "requested": "[1.0.2903.40, )",
        "resolved": "1.0.2903.40",
        "contentHash": "THrzYAnJgE3+cNH+9Epr44XjoZoRELdVpXlWGPs6K9C9G6TqyDfVCeVAR/Er8ljLitIUX5gaSkPsy9wRhD1sgQ=="
      },
      "TenMica": {
        "type": "Direct",
        "requested": "[1.0.0-beta, )",
        "resolved": "1.0.0-beta",
        "contentHash": "l0nZfss+pE9lmTSPslHof9fwglc6PGWeL+Ai8lclZLCJvAstKbN3WOHIaXg2m5YqaRScvQM6yQ/oR4lZK0xMUw==",
        "dependencies": {
          "Win2D.uwp": "1.27.0"
        }
      },
      "runtime.win10-x86-aot.Microsoft.NETCore.UniversalWindowsPlatform": {
        "type": "Transitive",
        "resolved": "6.2.14",
        "contentHash": "3nklK7zt8pQ4/okXv4jA/HlUx/xmnyS/YRKJh19BzXKKhYk/EnRT1zoNcvQDJjhyUZXquffbcxHyBbjd2V2GNQ=="
      },
      "System.Text.Encoding.CodePages": {
        "type": "Transitive",
        "resolved": "5.0.0",
        "contentHash": "NyscU59xX6Uo91qvhOs2Ccho3AR2TnZPomo1Z0K6YpyztBPM/A5VbkzOO19sy3A3i1TtEnTxA7bCe3Us+r5MWg==",
        "dependencies": {
          "System.Runtime.CompilerServices.Unsafe": "5.0.0"
        }
      },
      "Win2D.uwp": {
        "type": "Transitive",
        "resolved": "1.27.0",
        "contentHash": "Tzg5HHGg62ZLxYIAOFyMnQxjDjvU9myPHFowE196bsqA5Dr5tezFjFpc8+YPOmRDwXLqn+ODVdm5CskIezOfDg=="
      }
    }
  }
}