{
  "version": 1,
  "dependencies": {
    "net10.0-windows10.0.26100": {
      "Caching": {
        "type": "Direct",
        "requested": "[3.1.3, )",
        "resolved": "3.1.3",
        "contentHash": "LXvqiQdAGJrVjd9CetSwaJpn5MNuKT1g5JGtBb6q4UKBF/RTpF2a08U9tke5Igns8hmUQBRt1H9qJCDMcL/P3w=="
      },
      "CommunityToolkit.Mvvm": {
        "type": "Direct",
        "requested": "[8.4.0, )",
        "resolved": "8.4.0",
        "contentHash": "tqVU8yc/ADO9oiTRyTnwhFN68hCwvkliMierptWOudIAvWY1mWCh5VFh+guwHJmpMwfg0J0rY+yyd5Oy7ty9Uw=="
      },
      "JxlNet": {
        "type": "Direct",
        "requested": "[0.11.1.2, )",
        "resolved": "0.11.1.2",
        "contentHash": "H4kUEEiSISK236J6YevM04f4c6qzAS15oVP5EWasOzKpaSjGCz8EBe3Q/sVNY2miXZzHgVKA069j3TgAVsa+1w=="
      },
      "KeyedSemaphores": {
        "type": "Direct",
        "requested": "[5.0.0, )",
        "resolved": "5.0.0",
        "contentHash": "LZ3+Ju53URaY8bgkrieBiTKxtOVXMCNQPkmU8pMkEa/3XYiB3e755tp7LqEkHt5ZlXTICFOloRcGhoAqf9MUBg==",
        "dependencies": {
          "Microsoft.Bcl.HashCode": "1.1.1"
        }
      },
      "Microsoft.Extensions.DependencyInjection": {
        "type": "Direct",
        "requested": "[10.0.0-rc.1.25451.107, )",
        "resolved": "10.0.0-rc.1.25451.107",
        "contentHash": "LyE1mwZNT30J/6ygkZZm6QlDRaKpwQf5dHkREGAlJQr75kz1VGx0RI/cxa6kevnuYaLNE5UtgtGT2Amp+dFT1Q==",
        "dependencies": {
          "Microsoft.Extensions.DependencyInjection.Abstractions": "10.0.0-rc.1.25451.107"
        }
      },
      "Microsoft.NET.ILLink.Tasks": {
        "type": "Direct",
        "requested": "[10.0.0-rc.1.25451.107, )",
        "resolved": "10.0.0-rc.1.25451.107",
        "contentHash": "MnPx3NJT7pLBfOgIVs1/IXL8n5sEErhaJu14TQujaXTMwzv9I3v+nzPqUrUuEunaHeeH10n/3oZBn/Xg4trP0g=="
      },
      "RestSharp": {
        "type": "Direct",
        "requested": "[112.1.0, )",
        "resolved": "112.1.0",
        "contentHash": "bOUGNZqhhv/QeCXHTKEUil846yBjwWXpzPKjO67kFvaAOoF361z7jLY5BMnuZ6WD2WQRA750sNMcK7MSPCQ5Mg=="
      },
      "Sentry": {
        "type": "Direct",
        "requested": "[5.15.0, )",
        "resolved": "5.15.0",
        "contentHash": "JWJxQHYx6JadoQwyoPg/vNgfWJRIN+EaRpko9va5hDQ8QdkXnxz5CINnL/us8JLC5s7JHIFFfk6nDEGCCC6noQ=="
      },
      "SixLabors.ImageSharp": {
        "type": "Direct",
        "requested": "[3.1.11, )",
        "resolved": "3.1.11",
        "contentHash": "JfPLyigLthuE50yi6tMt7Amrenr/fA31t2CvJyhy/kQmfulIBAqo5T/YFUSRHtuYPXRSaUHygFeh6Qd933EoSw=="
      },
      "Microsoft.Bcl.HashCode": {
        "type": "Transitive",
        "resolved": "1.1.1",
        "contentHash": "MalY0Y/uM/LjXtHfX/26l2VtN4LDNZ2OE3aumNOHDLsT4fNYy2hiHXI4CXCqKpNUNm7iJ2brrc4J89UdaL56FA=="
      },
      "Microsoft.Extensions.DependencyInjection.Abstractions": {
        "type": "Transitive",
        "resolved": "10.0.0-rc.1.25451.107",
        "contentHash": "Wm2HfC0GlWExQmJajq85FHM9iHEOm61Z1c2YLivbzI6R5eT+TTSyfk3RHUra4oBU+oj1XhOIQ5hLW6Kg2r85tg=="
      }
    }
  }
}