{
  "version": 1,
  "dependencies": {
    "net9.0-windows10.0.26100": {
      "Caching.dll": {
        "type": "Direct",
        "requested": "[2.0.0.1, )",
        "resolved": "2.0.0.1",
        "contentHash": "/fImQ2aVuUrAkEKgO72MdoBYkVoYvWDiNSGF9UJ7demJXuTNHpMnIqTh4ZCDHQccFSSRKzmDpndyl9owgxw7iA==",
        "dependencies": {
          "Microsoft.CSharp": "4.7.0"
        }
      },
      "CommunityToolkit.Mvvm": {
        "type": "Direct",
        "requested": "[8.4.0, )",
        "resolved": "8.4.0",
        "contentHash": "tqVU8yc/ADO9oiTRyTnwhFN68hCwvkliMierptWOudIAvWY1mWCh5VFh+guwHJmpMwfg0J0rY+yyd5Oy7ty9Uw=="
      },
      "JxlNet": {
        "type": "Direct",
        "requested": "[0.11.1.1, )",
        "resolved": "0.11.1.1",
        "contentHash": "6Jd3mxl143hUNNGPm3//Qj51z2PZJtMFHVipzaFsdrcsf2FeBJxNec4bzIX1StTHS7Z5Brq3BDgCFDq9mqYy9Q=="
      },
      "KeyedSemaphores": {
        "type": "Direct",
        "requested": "[5.0.0, )",
        "resolved": "5.0.0",
        "contentHash": "LZ3+Ju53URaY8bgkrieBiTKxtOVXMCNQPkmU8pMkEa/3XYiB3e755tp7LqEkHt5ZlXTICFOloRcGhoAqf9MUBg==",
        "dependencies": {
          "Microsoft.Bcl.HashCode": "1.1.1",
          "System.Threading.Tasks.Extensions": "4.5.4"
        }
      },
      "Microsoft.Extensions.DependencyInjection": {
        "type": "Direct",
        "requested": "[9.0.1, )",
        "resolved": "9.0.1",
        "contentHash": "qZI42ASAe3hr2zMSA6UjM92pO1LeDq5DcwkgSowXXPY8I56M76pEKrnmsKKbxagAf39AJxkH2DY4sb72ixyOrg==",
        "dependencies": {
          "Microsoft.Extensions.DependencyInjection.Abstractions": "9.0.1"
        }
      },
      "Microsoft.Extensions.Logging": {
        "type": "Direct",
        "requested": "[9.0.1, )",
        "resolved": "9.0.1",
        "contentHash": "E/k5r7S44DOW+08xQPnNbO8DKAQHhkspDboTThNJ6Z3/QBb4LC6gStNWzVmy3IvW7sUD+iJKf4fj0xEkqE7vnQ==",
        "dependencies": {
          "Microsoft.Extensions.DependencyInjection": "9.0.1",
          "Microsoft.Extensions.Logging.Abstractions": "9.0.1",
          "Microsoft.Extensions.Options": "9.0.1"
        }
      },
      "NReco.Logging.File": {
        "type": "Direct",
        "requested": "[1.2.2, )",
        "resolved": "1.2.2",
        "contentHash": "UyUIkyDiHi2HAJlmEWqeKN9/FxTF0DPNdyatzMDMTXvUpgvqBFneJ2qDtZkXRJNG8eR6jU+KsbGeMmChgUdRUg==",
        "dependencies": {
          "Microsoft.Extensions.Logging": "8.0.1",
          "Microsoft.Extensions.Logging.Configuration": "8.0.1",
          "Microsoft.Extensions.Options.ConfigurationExtensions": "8.0.0"
        }
      },
      "RestSharp": {
        "type": "Direct",
        "requested": "[112.1.0, )",
        "resolved": "112.1.0",
        "contentHash": "bOUGNZqhhv/QeCXHTKEUil846yBjwWXpzPKjO67kFvaAOoF361z7jLY5BMnuZ6WD2WQRA750sNMcK7MSPCQ5Mg=="
      },
      "Sentry": {
        "type": "Direct",
        "requested": "[5.1.0, )",
        "resolved": "5.1.0",
        "contentHash": "G9ynQGBc937yO+TFda09WQfTHKiwqVN8pgtM7LU6o2ciu8WVAE8IceSW0olp6nI9nWj99DtV/KAS2OKGK4B+Vg=="
      },
      "SixLabors.ImageSharp": {
        "type": "Direct",
        "requested": "[3.1.6, )",
        "resolved": "3.1.6",
        "contentHash": "dHQ5jugF9v+5/LCVHCWVzaaIL6WOehqJy6eju/0VFYFPEj2WtqkGPoEV9EVQP83dHsdoqYaTuWpZdwAd37UwfA=="
      },
      "Microsoft.Bcl.HashCode": {
        "type": "Transitive",
        "resolved": "1.1.1",
        "contentHash": "MalY0Y/uM/LjXtHfX/26l2VtN4LDNZ2OE3aumNOHDLsT4fNYy2hiHXI4CXCqKpNUNm7iJ2brrc4J89UdaL56FA=="
      },
      "Microsoft.CSharp": {
        "type": "Transitive",
        "resolved": "4.7.0",
        "contentHash": "pTj+D3uJWyN3My70i2Hqo+OXixq3Os2D1nJ2x92FFo6sk8fYS1m1WLNTs0Dc1uPaViH0YvEEwvzddQ7y4rhXmA=="
      },
      "Microsoft.Extensions.Configuration": {
        "type": "Transitive",
        "resolved": "8.0.0",
        "contentHash": "0J/9YNXTMWSZP2p2+nvl8p71zpSwokZXZuJW+VjdErkegAnFdO1XlqtA62SJtgVYHdKu3uPxJHcMR/r35HwFBA==",
        "dependencies": {
          "Microsoft.Extensions.Configuration.Abstractions": "8.0.0",
          "Microsoft.Extensions.Primitives": "8.0.0"
        }
      },
      "Microsoft.Extensions.Configuration.Abstractions": {
        "type": "Transitive",
        "resolved": "8.0.0",
        "contentHash": "3lE/iLSutpgX1CC0NOW70FJoGARRHbyKmG7dc0klnUZ9Dd9hS6N/POPWhKhMLCEuNN5nXEY5agmlFtH562vqhQ==",
        "dependencies": {
          "Microsoft.Extensions.Primitives": "8.0.0"
        }
      },
      "Microsoft.Extensions.Configuration.Binder": {
        "type": "Transitive",
        "resolved": "8.0.2",
        "contentHash": "7IQhGK+wjyGrNsPBjJcZwWAr+Wf6D4+TwOptUt77bWtgNkiV8tDEbhFS+dDamtQFZ2X7kWG9m71iZQRj2x3zgQ==",
        "dependencies": {
          "Microsoft.Extensions.Configuration.Abstractions": "8.0.0"
        }
      },
      "Microsoft.Extensions.DependencyInjection.Abstractions": {
        "type": "Transitive",
        "resolved": "9.0.1",
        "contentHash": "Tr74eP0oQ3AyC24ch17N8PuEkrPbD0JqIfENCYqmgKYNOmL8wQKzLJu3ObxTUDrjnn4rHoR1qKa37/eQyHmCDA=="
      },
      "Microsoft.Extensions.Logging.Abstractions": {
        "type": "Transitive",
        "resolved": "9.0.1",
        "contentHash": "w2gUqXN/jNIuvqYwX3lbXagsizVNXYyt6LlF57+tMve4JYCEgCMMAjRce6uKcDASJgpMbErRT1PfHy2OhbkqEA==",
        "dependencies": {
          "Microsoft.Extensions.DependencyInjection.Abstractions": "9.0.1"
        }
      },
      "Microsoft.Extensions.Logging.Configuration": {
        "type": "Transitive",
        "resolved": "8.0.1",
        "contentHash": "QWwTrsgOnJMmn+XUslm8D2H1n3PkP/u/v52FODtyBc/k4W9r3i2vcXXeeX/upnzllJYRRbrzVzT0OclfNJtBJA==",
        "dependencies": {
          "Microsoft.Extensions.Configuration": "8.0.0",
          "Microsoft.Extensions.Configuration.Abstractions": "8.0.0",
          "Microsoft.Extensions.Configuration.Binder": "8.0.2",
          "Microsoft.Extensions.DependencyInjection.Abstractions": "8.0.2",
          "Microsoft.Extensions.Logging": "8.0.1",
          "Microsoft.Extensions.Logging.Abstractions": "8.0.2",
          "Microsoft.Extensions.Options": "8.0.2",
          "Microsoft.Extensions.Options.ConfigurationExtensions": "8.0.0"
        }
      },
      "Microsoft.Extensions.Options": {
        "type": "Transitive",
        "resolved": "9.0.1",
        "contentHash": "nggoNKnWcsBIAaOWHA+53XZWrslC7aGeok+aR+epDPRy7HI7GwMnGZE8yEsL2Onw7kMOHVHwKcsDls1INkNUJQ==",
        "dependencies": {
          "Microsoft.Extensions.DependencyInjection.Abstractions": "9.0.1",
          "Microsoft.Extensions.Primitives": "9.0.1"
        }
      },
      "Microsoft.Extensions.Options.ConfigurationExtensions": {
        "type": "Transitive",
        "resolved": "8.0.0",
        "contentHash": "0f4DMRqEd50zQh+UyJc+/HiBsZ3vhAQALgdkcQEalSH1L2isdC7Yj54M3cyo5e+BeO5fcBQ7Dxly8XiBBcvRgw==",
        "dependencies": {
          "Microsoft.Extensions.Configuration.Abstractions": "8.0.0",
          "Microsoft.Extensions.Configuration.Binder": "8.0.0",
          "Microsoft.Extensions.DependencyInjection.Abstractions": "8.0.0",
          "Microsoft.Extensions.Options": "8.0.0",
          "Microsoft.Extensions.Primitives": "8.0.0"
        }
      },
      "Microsoft.Extensions.Primitives": {
        "type": "Transitive",
        "resolved": "9.0.1",
        "contentHash": "bHtTesA4lrSGD1ZUaMIx6frU3wyy0vYtTa/hM6gGQu5QNrydObv8T5COiGUWsisflAfmsaFOe9Xvw5NSO99z0g=="
      },
      "System.Threading.Tasks.Extensions": {
        "type": "Transitive",
        "resolved": "4.5.4",
        "contentHash": "zteT+G8xuGu6mS+mzDzYXbzS7rd3K6Fjb9RiZlYlJPam2/hU7JCBZBVEcywNuR+oZ1ncTvc/cq0faRr3P01OVg=="
      }
    }
  }
}