{
  "version": 1,
  "dependencies": {
    ".NETFramework,Version=v4.7.2": {
      "Costura.Fody": {
        "type": "Direct",
        "requested": "[6.0.0, )",
        "resolved": "6.0.0",
        "contentHash": "3Uriu9GJABMivG0wXMJs6NQ7FNE3pylir1gZEBAWDvpii3cnrmxXnOG44MMDuIVOIk/Xhef7WZFsaCNV+py9qA==",
        "dependencies": {
          "Fody": "6.8.2"
        }
      },
      "Fody": {
        "type": "Direct",
        "requested": "[6.9.2, )",
        "resolved": "6.9.2",
        "contentHash": "YBHobPGogb0vYhGYIxn/ndWqTjNWZveDi5jdjrcshL2vjwU3gQGyDeI7vGgye+2rAM5fGRvlLgNWLW3DpviS/w=="
      },
      "Microsoft.Windows.SDK.Contracts": {
        "type": "Direct",
        "requested": "[10.0.26100.4188, )",
        "resolved": "10.0.26100.4188",
        "contentHash": "+ozRCwYFpSYXgvzCROHPuQfZiqs4Ijveo57t0iPPDreIE1R48iyXfafDN2KAUWKT1JZKj2hPr3pWE8WM1/ZBfA==",
        "dependencies": {
          "System.Runtime.InteropServices.WindowsRuntime": "4.3.0",
          "System.Runtime.WindowsRuntime": "4.6.0",
          "System.Runtime.WindowsRuntime.UI.Xaml": "4.6.0"
        }
      },
      "WPF-UI": {
        "type": "Direct",
        "requested": "[4.0.2, )",
        "resolved": "4.0.2",
        "contentHash": "BWyHaAhj2CtbhLEUMI16x3ZHWYyLhMfoq5r7+z5UfHl8hoyNJubrHrIY53n8qDML/DpTTbI8NTBrFw3NDKtglA==",
        "dependencies": {
          "WPF-UI.Abstractions": "4.0.2"
        }
      },
      "System.Runtime.InteropServices.WindowsRuntime": {
        "type": "Transitive",
        "resolved": "4.3.0",
        "contentHash": "J4GUi3xZQLUBasNwZnjrffN8i5wpHrBtZoLG+OhRyGo/+YunMRWWtwoMDlUAIdmX0uRfpHIBDSV6zyr3yf00TA=="
      },
      "System.Runtime.WindowsRuntime": {
        "type": "Transitive",
        "resolved": "4.6.0",
        "contentHash": "IWrs1TmbxP65ZZjIglNyvDkFNoV5q2Pofg5WO7I8RKQOpLdFprQSh3xesOoClBqR4JHr4nEB1Xk1MqLPW1jPuQ=="
      },
      "System.Runtime.WindowsRuntime.UI.Xaml": {
        "type": "Transitive",
        "resolved": "4.6.0",
        "contentHash": "r4tNw5v5kqRJ9HikWpcyNf3suGw7DjX93svj9iBjtdeLqL8jt9Z+7f+s4wrKZJr84u8IMsrIjt8K6jYvkRqMSg==",
        "dependencies": {
          "System.Runtime.WindowsRuntime": "4.6.0"
        }
      },
      "WPF-UI.Abstractions": {
        "type": "Transitive",
        "resolved": "4.0.2",
        "contentHash": "WDLoNejRVTyQTWNtmlbseRzFQQADlnpehC4l66pqVGevY5nsQDpSMzkb5gVzGXBDHJoAW5V/7KyarKnfDq6leQ=="
      },
      "lrreader.uwp.servicing": {
        "type": "Project"
      }
    },
    ".NETFramework,Version=v4.7.2/win-arm64": {},
    ".NETFramework,Version=v4.7.2/win-x64": {}
  }
}